// !$*UTF8*$!
{
	archiveVersion = 1;
	classes = {
	};
	objectVersion = 56;
	objects = {

/* Begin PBXBuildFile section */
		582F5D052C64856F00141938 /* SampleChatData.swift in Sources */ = {isa = PBXBuildFile; fileRef = 582F5D042C64856F00141938 /* SampleChatData.swift */; };
		582F5D072C64935500141938 /* ChatTableViewCell.swift in Sources */ = {isa = PBXBuildFile; fileRef = 582F5D062C64935500141938 /* ChatTableViewCell.swift */; };
		582F5D0A2C65FB5300141938 /* FirebaseAuth in Frameworks */ = {isa = PBXBuildFile; productRef = 582F5D092C65FB5300141938 /* FirebaseAuth */; };
		582F5D0C2C65FB5300141938 /* FirebaseFirestore in Frameworks */ = {isa = PBXBuildFile; productRef = 582F5D0B2C65FB5300141938 /* FirebaseFirestore */; };
		582F5D0E2C68C3D800141938 /* ChatListViewModel.swift in Sources */ = {isa = PBXBuildFile; fileRef = 582F5D0D2C68C3D800141938 /* ChatListViewModel.swift */; };
		582F5D132C68D2F000141938 /* FirestoreManager.swift in Sources */ = {isa = PBXBuildFile; fileRef = 582F5D122C68D2F000141938 /* FirestoreManager.swift */; };
		582F5D172C6900B900141938 /* PostViewModel.swift in Sources */ = {isa = PBXBuildFile; fileRef = 582F5D162C6900B900141938 /* PostViewModel.swift */; };
		582F5D192C69ABF800141938 /* DataManager.swift in Sources */ = {isa = PBXBuildFile; fileRef = 582F5D182C69ABF800141938 /* DataManager.swift */; };
		582F5D1B2C69EA9A00141938 /* ChatViewController.swift in Sources */ = {isa = PBXBuildFile; fileRef = 582F5D1A2C69EA9A00141938 /* ChatViewController.swift */; };
		582F5D1D2C69EAA700141938 /* ChatViewModel.swift in Sources */ = {isa = PBXBuildFile; fileRef = 582F5D1C2C69EAA700141938 /* ChatViewModel.swift */; };
		582F5D212C6A156C00141938 /* GoogleService-Info.plist in Resources */ = {isa = PBXBuildFile; fileRef = 582F5D202C6A156C00141938 /* GoogleService-Info.plist */; };
		58E782202C6C2F4B00572554 /* ChatPostViewController.swift in Sources */ = {isa = PBXBuildFile; fileRef = 58E7821F2C6C2F4B00572554 /* ChatPostViewController.swift */; };
		97934DD52C62F3C600B38E0A /* AppDelegate.swift in Sources */ = {isa = PBXBuildFile; fileRef = 97934DD42C62F3C600B38E0A /* AppDelegate.swift */; };
		97934DD72C62F3C600B38E0A /* SceneDelegate.swift in Sources */ = {isa = PBXBuildFile; fileRef = 97934DD62C62F3C600B38E0A /* SceneDelegate.swift */; };
		97934DD92C62F3C600B38E0A /* ViewController.swift in Sources */ = {isa = PBXBuildFile; fileRef = 97934DD82C62F3C600B38E0A /* ViewController.swift */; };
		97934DDE2C62F3C800B38E0A /* Assets.xcassets in Resources */ = {isa = PBXBuildFile; fileRef = 97934DDD2C62F3C800B38E0A /* Assets.xcassets */; };
		97934DE12C62F3C800B38E0A /* Base in Resources */ = {isa = PBXBuildFile; fileRef = 97934DE02C62F3C800B38E0A /* Base */; };
		97934DFB2C62F87D00B38E0A /* User.swift in Sources */ = {isa = PBXBuildFile; fileRef = 97934DFA2C62F87D00B38E0A /* User.swift */; };
		97934DFD2C62F88600B38E0A /* Review.swift in Sources */ = {isa = PBXBuildFile; fileRef = 97934DFC2C62F88600B38E0A /* Review.swift */; };
		97934DFF2C62F88B00B38E0A /* Post.swift in Sources */ = {isa = PBXBuildFile; fileRef = 97934DFE2C62F88B00B38E0A /* Post.swift */; };
		97934E012C62F89200B38E0A /* ChatRoom.swift in Sources */ = {isa = PBXBuildFile; fileRef = 97934E002C62F89200B38E0A /* ChatRoom.swift */; };
		97934E032C62F89700B38E0A /* Message.swift in Sources */ = {isa = PBXBuildFile; fileRef = 97934E022C62F89700B38E0A /* Message.swift */; };
		97934E052C62F89F00B38E0A /* LevelPoint.swift in Sources */ = {isa = PBXBuildFile; fileRef = 97934E042C62F89F00B38E0A /* LevelPoint.swift */; };
		97934E132C62F8DB00B38E0A /* MapViewModel.swift in Sources */ = {isa = PBXBuildFile; fileRef = 97934E122C62F8DB00B38E0A /* MapViewModel.swift */; };
		97934E152C62F8DF00B38E0A /* SearchMapViewModel.swift in Sources */ = {isa = PBXBuildFile; fileRef = 97934E142C62F8DF00B38E0A /* SearchMapViewModel.swift */; };
		97934E172C62F8E300B38E0A /* PlaceListViewModel.swift in Sources */ = {isa = PBXBuildFile; fileRef = 97934E162C62F8E300B38E0A /* PlaceListViewModel.swift */; };
		97934E192C62F8E700B38E0A /* ReviewListViewModel.swift in Sources */ = {isa = PBXBuildFile; fileRef = 97934E182C62F8E700B38E0A /* ReviewListViewModel.swift */; };
		97934E1B2C62F8EC00B38E0A /* PostTableViewModel.swift in Sources */ = {isa = PBXBuildFile; fileRef = 97934E1A2C62F8EC00B38E0A /* PostTableViewModel.swift */; };
		97934E1D2C62F8F000B38E0A /* ReviewViewModel.swift in Sources */ = {isa = PBXBuildFile; fileRef = 97934E1C2C62F8F000B38E0A /* ReviewViewModel.swift */; };
		97934E1F2C62FABD00B38E0A /* Pin.swift in Sources */ = {isa = PBXBuildFile; fileRef = 97934E1E2C62FABD00B38E0A /* Pin.swift */; };
		97934E212C62FAC300B38E0A /* Location.swift in Sources */ = {isa = PBXBuildFile; fileRef = 97934E202C62FAC300B38E0A /* Location.swift */; };
		97934E232C62FAC800B38E0A /* Plan.swift in Sources */ = {isa = PBXBuildFile; fileRef = 97934E222C62FAC800B38E0A /* Plan.swift */; };
		97934E252C62FACE00B38E0A /* Contract.swift in Sources */ = {isa = PBXBuildFile; fileRef = 97934E242C62FACE00B38E0A /* Contract.swift */; };
		97934E292C62FDF700B38E0A /* MapViewController.swift in Sources */ = {isa = PBXBuildFile; fileRef = 97934E282C62FDF700B38E0A /* MapViewController.swift */; };
		97934E2B2C62FE0F00B38E0A /* SearchMapViewController.swift in Sources */ = {isa = PBXBuildFile; fileRef = 97934E2A2C62FE0F00B38E0A /* SearchMapViewController.swift */; };
		97934E2D2C62FE1900B38E0A /* PlaceListViewController.swift in Sources */ = {isa = PBXBuildFile; fileRef = 97934E2C2C62FE1900B38E0A /* PlaceListViewController.swift */; };
		97934E2F2C62FE2500B38E0A /* ReviewListViewController.swift in Sources */ = {isa = PBXBuildFile; fileRef = 97934E2E2C62FE2500B38E0A /* ReviewListViewController.swift */; };
		97934E312C62FE2E00B38E0A /* PostTableViewController.swift in Sources */ = {isa = PBXBuildFile; fileRef = 97934E302C62FE2E00B38E0A /* PostTableViewController.swift */; };
		97934E332C62FE3400B38E0A /* ReviewViewController.swift in Sources */ = {isa = PBXBuildFile; fileRef = 97934E322C62FE3400B38E0A /* ReviewViewController.swift */; };
		97934E392C62FF9200B38E0A /* LoginViewController.swift in Sources */ = {isa = PBXBuildFile; fileRef = 97934E382C62FF9200B38E0A /* LoginViewController.swift */; };
		97934E3B2C62FFA800B38E0A /* ProfileViewController.swift in Sources */ = {isa = PBXBuildFile; fileRef = 97934E3A2C62FFA800B38E0A /* ProfileViewController.swift */; };
		97934E3D2C62FFB600B38E0A /* PostListViewController.swift in Sources */ = {isa = PBXBuildFile; fileRef = 97934E3C2C62FFB600B38E0A /* PostListViewController.swift */; };
		97934E3F2C62FFC500B38E0A /* ChatListViewController.swift in Sources */ = {isa = PBXBuildFile; fileRef = 97934E3E2C62FFC500B38E0A /* ChatListViewController.swift */; };
		97934E412C62FFDB00B38E0A /* CareFinderMapViewController.swift in Sources */ = {isa = PBXBuildFile; fileRef = 97934E402C62FFDB00B38E0A /* CareFinderMapViewController.swift */; };
		97934E432C63003C00B38E0A /* Colors.swift in Sources */ = {isa = PBXBuildFile; fileRef = 97934E422C63003C00B38E0A /* Colors.swift */; };
/* End PBXBuildFile section */

/* Begin PBXFileReference section */
		582F5D042C64856F00141938 /* SampleChatData.swift */ = {isa = PBXFileReference; lastKnownFileType = sourcecode.swift; path = SampleChatData.swift; sourceTree = "<group>"; };
		582F5D062C64935500141938 /* ChatTableViewCell.swift */ = {isa = PBXFileReference; lastKnownFileType = sourcecode.swift; path = ChatTableViewCell.swift; sourceTree = "<group>"; };
		582F5D0D2C68C3D800141938 /* ChatListViewModel.swift */ = {isa = PBXFileReference; lastKnownFileType = sourcecode.swift; path = ChatListViewModel.swift; sourceTree = "<group>"; };
		582F5D122C68D2F000141938 /* FirestoreManager.swift */ = {isa = PBXFileReference; lastKnownFileType = sourcecode.swift; path = FirestoreManager.swift; sourceTree = "<group>"; };
		582F5D162C6900B900141938 /* PostViewModel.swift */ = {isa = PBXFileReference; lastKnownFileType = sourcecode.swift; path = PostViewModel.swift; sourceTree = "<group>"; };
		582F5D182C69ABF800141938 /* DataManager.swift */ = {isa = PBXFileReference; lastKnownFileType = sourcecode.swift; path = DataManager.swift; sourceTree = "<group>"; };
		582F5D1A2C69EA9A00141938 /* ChatViewController.swift */ = {isa = PBXFileReference; lastKnownFileType = sourcecode.swift; path = ChatViewController.swift; sourceTree = "<group>"; };
		582F5D1C2C69EAA700141938 /* ChatViewModel.swift */ = {isa = PBXFileReference; lastKnownFileType = sourcecode.swift; path = ChatViewModel.swift; sourceTree = "<group>"; };
		582F5D202C6A156C00141938 /* GoogleService-Info.plist */ = {isa = PBXFileReference; fileEncoding = 4; lastKnownFileType = text.plist.xml; path = "GoogleService-Info.plist"; sourceTree = "<group>"; };
		58E7821F2C6C2F4B00572554 /* ChatPostViewController.swift */ = {isa = PBXFileReference; lastKnownFileType = sourcecode.swift; path = ChatPostViewController.swift; sourceTree = "<group>"; };
		97934DD12C62F3C600B38E0A /* GreenSitter.app */ = {isa = PBXFileReference; explicitFileType = wrapper.application; includeInIndex = 0; path = GreenSitter.app; sourceTree = BUILT_PRODUCTS_DIR; };
		97934DD42C62F3C600B38E0A /* AppDelegate.swift */ = {isa = PBXFileReference; lastKnownFileType = sourcecode.swift; path = AppDelegate.swift; sourceTree = "<group>"; };
		97934DD62C62F3C600B38E0A /* SceneDelegate.swift */ = {isa = PBXFileReference; lastKnownFileType = sourcecode.swift; path = SceneDelegate.swift; sourceTree = "<group>"; };
		97934DD82C62F3C600B38E0A /* ViewController.swift */ = {isa = PBXFileReference; lastKnownFileType = sourcecode.swift; path = ViewController.swift; sourceTree = "<group>"; };
		97934DDD2C62F3C800B38E0A /* Assets.xcassets */ = {isa = PBXFileReference; lastKnownFileType = folder.assetcatalog; path = Assets.xcassets; sourceTree = "<group>"; };
		97934DE02C62F3C800B38E0A /* Base */ = {isa = PBXFileReference; lastKnownFileType = file.storyboard; name = Base; path = Base.lproj/LaunchScreen.storyboard; sourceTree = "<group>"; };
		97934DE22C62F3C800B38E0A /* Info.plist */ = {isa = PBXFileReference; lastKnownFileType = text.plist.xml; path = Info.plist; sourceTree = "<group>"; };
		97934DFA2C62F87D00B38E0A /* User.swift */ = {isa = PBXFileReference; lastKnownFileType = sourcecode.swift; path = User.swift; sourceTree = "<group>"; };
		97934DFC2C62F88600B38E0A /* Review.swift */ = {isa = PBXFileReference; lastKnownFileType = sourcecode.swift; path = Review.swift; sourceTree = "<group>"; };
		97934DFE2C62F88B00B38E0A /* Post.swift */ = {isa = PBXFileReference; lastKnownFileType = sourcecode.swift; path = Post.swift; sourceTree = "<group>"; };
		97934E002C62F89200B38E0A /* ChatRoom.swift */ = {isa = PBXFileReference; lastKnownFileType = sourcecode.swift; path = ChatRoom.swift; sourceTree = "<group>"; };
		97934E022C62F89700B38E0A /* Message.swift */ = {isa = PBXFileReference; lastKnownFileType = sourcecode.swift; path = Message.swift; sourceTree = "<group>"; };
		97934E042C62F89F00B38E0A /* LevelPoint.swift */ = {isa = PBXFileReference; lastKnownFileType = sourcecode.swift; path = LevelPoint.swift; sourceTree = "<group>"; };
		97934E122C62F8DB00B38E0A /* MapViewModel.swift */ = {isa = PBXFileReference; lastKnownFileType = sourcecode.swift; path = MapViewModel.swift; sourceTree = "<group>"; };
		97934E142C62F8DF00B38E0A /* SearchMapViewModel.swift */ = {isa = PBXFileReference; lastKnownFileType = sourcecode.swift; path = SearchMapViewModel.swift; sourceTree = "<group>"; };
		97934E162C62F8E300B38E0A /* PlaceListViewModel.swift */ = {isa = PBXFileReference; lastKnownFileType = sourcecode.swift; path = PlaceListViewModel.swift; sourceTree = "<group>"; };
		97934E182C62F8E700B38E0A /* ReviewListViewModel.swift */ = {isa = PBXFileReference; lastKnownFileType = sourcecode.swift; path = ReviewListViewModel.swift; sourceTree = "<group>"; };
		97934E1A2C62F8EC00B38E0A /* PostTableViewModel.swift */ = {isa = PBXFileReference; lastKnownFileType = sourcecode.swift; path = PostTableViewModel.swift; sourceTree = "<group>"; };
		97934E1C2C62F8F000B38E0A /* ReviewViewModel.swift */ = {isa = PBXFileReference; lastKnownFileType = sourcecode.swift; path = ReviewViewModel.swift; sourceTree = "<group>"; };
		97934E1E2C62FABD00B38E0A /* Pin.swift */ = {isa = PBXFileReference; lastKnownFileType = sourcecode.swift; path = Pin.swift; sourceTree = "<group>"; };
		97934E202C62FAC300B38E0A /* Location.swift */ = {isa = PBXFileReference; lastKnownFileType = sourcecode.swift; path = Location.swift; sourceTree = "<group>"; };
		97934E222C62FAC800B38E0A /* Plan.swift */ = {isa = PBXFileReference; lastKnownFileType = sourcecode.swift; path = Plan.swift; sourceTree = "<group>"; };
		97934E242C62FACE00B38E0A /* Contract.swift */ = {isa = PBXFileReference; lastKnownFileType = sourcecode.swift; path = Contract.swift; sourceTree = "<group>"; };
		97934E282C62FDF700B38E0A /* MapViewController.swift */ = {isa = PBXFileReference; lastKnownFileType = sourcecode.swift; path = MapViewController.swift; sourceTree = "<group>"; };
		97934E2A2C62FE0F00B38E0A /* SearchMapViewController.swift */ = {isa = PBXFileReference; lastKnownFileType = sourcecode.swift; path = SearchMapViewController.swift; sourceTree = "<group>"; };
		97934E2C2C62FE1900B38E0A /* PlaceListViewController.swift */ = {isa = PBXFileReference; lastKnownFileType = sourcecode.swift; path = PlaceListViewController.swift; sourceTree = "<group>"; };
		97934E2E2C62FE2500B38E0A /* ReviewListViewController.swift */ = {isa = PBXFileReference; lastKnownFileType = sourcecode.swift; path = ReviewListViewController.swift; sourceTree = "<group>"; };
		97934E302C62FE2E00B38E0A /* PostTableViewController.swift */ = {isa = PBXFileReference; lastKnownFileType = sourcecode.swift; path = PostTableViewController.swift; sourceTree = "<group>"; };
		97934E322C62FE3400B38E0A /* ReviewViewController.swift */ = {isa = PBXFileReference; lastKnownFileType = sourcecode.swift; path = ReviewViewController.swift; sourceTree = "<group>"; };
		97934E382C62FF9200B38E0A /* LoginViewController.swift */ = {isa = PBXFileReference; lastKnownFileType = sourcecode.swift; path = LoginViewController.swift; sourceTree = "<group>"; };
		97934E3A2C62FFA800B38E0A /* ProfileViewController.swift */ = {isa = PBXFileReference; lastKnownFileType = sourcecode.swift; path = ProfileViewController.swift; sourceTree = "<group>"; };
		97934E3C2C62FFB600B38E0A /* PostListViewController.swift */ = {isa = PBXFileReference; lastKnownFileType = sourcecode.swift; path = PostListViewController.swift; sourceTree = "<group>"; };
		97934E3E2C62FFC500B38E0A /* ChatListViewController.swift */ = {isa = PBXFileReference; lastKnownFileType = sourcecode.swift; path = ChatListViewController.swift; sourceTree = "<group>"; };
		97934E402C62FFDB00B38E0A /* CareFinderMapViewController.swift */ = {isa = PBXFileReference; lastKnownFileType = sourcecode.swift; path = CareFinderMapViewController.swift; sourceTree = "<group>"; };
		97934E422C63003C00B38E0A /* Colors.swift */ = {isa = PBXFileReference; lastKnownFileType = sourcecode.swift; path = Colors.swift; sourceTree = "<group>"; };
/* End PBXFileReference section */

/* Begin PBXFrameworksBuildPhase section */
		97934DCE2C62F3C600B38E0A /* Frameworks */ = {
			isa = PBXFrameworksBuildPhase;
			buildActionMask = 2147483647;
			files = (
				582F5D0A2C65FB5300141938 /* FirebaseAuth in Frameworks */,
				582F5D0C2C65FB5300141938 /* FirebaseFirestore in Frameworks */,
			);
			runOnlyForDeploymentPostprocessing = 0;
		};
/* End PBXFrameworksBuildPhase section */

/* Begin PBXGroup section */
		582F5D0F2C68C3F000141938 /* Views */ = {
			isa = PBXGroup;
			children = (
				97934E3E2C62FFC500B38E0A /* ChatListViewController.swift */,
				582F5D062C64935500141938 /* ChatTableViewCell.swift */,
				582F5D1A2C69EA9A00141938 /* ChatViewController.swift */,
				58E7821F2C6C2F4B00572554 /* ChatPostViewController.swift */,
			);
			path = Views;
			sourceTree = "<group>";
		};
		582F5D102C68C3FC00141938 /* ViewModels */ = {
			isa = PBXGroup;
			children = (
				582F5D0D2C68C3D800141938 /* ChatListViewModel.swift */,
				582F5D122C68D2F000141938 /* FirestoreManager.swift */,
				582F5D1C2C69EAA700141938 /* ChatViewModel.swift */,
			);
			path = ViewModels;
			sourceTree = "<group>";
		};
		582F5D142C69009300141938 /* Views */ = {
			isa = PBXGroup;
			children = (
				97934E3C2C62FFB600B38E0A /* PostListViewController.swift */,
			);
			path = Views;
			sourceTree = "<group>";
		};
		582F5D152C69009C00141938 /* ViewModels */ = {
			isa = PBXGroup;
			children = (
				582F5D162C6900B900141938 /* PostViewModel.swift */,
			);
			path = ViewModels;
			sourceTree = "<group>";
		};
		97934DC82C62F3C600B38E0A = {
			isa = PBXGroup;
			children = (
				97934DD32C62F3C600B38E0A /* GreenSitter */,
				97934DD22C62F3C600B38E0A /* Products */,
			);
			sourceTree = "<group>";
		};
		97934DD22C62F3C600B38E0A /* Products */ = {
			isa = PBXGroup;
			children = (
				97934DD12C62F3C600B38E0A /* GreenSitter.app */,
			);
			name = Products;
			sourceTree = "<group>";
		};
		97934DD32C62F3C600B38E0A /* GreenSitter */ = {
			isa = PBXGroup;
			children = (
				582F5D202C6A156C00141938 /* GoogleService-Info.plist */,
				97934DD42C62F3C600B38E0A /* AppDelegate.swift */,
				97934DD62C62F3C600B38E0A /* SceneDelegate.swift */,
				97934DD82C62F3C600B38E0A /* ViewController.swift */,
				97934DE82C62F70C00B38E0A /* Common */,
				97934DEC2C62F75300B38E0A /* Services */,
				97934DED2C62F75900B38E0A /* Login */,
				97934DEE2C62F75F00B38E0A /* Profile */,
				97934DEF2C62F76700B38E0A /* Post */,
				97934DF02C62F77000B38E0A /* Chat */,
				97934DF12C62F77500B38E0A /* Map */,
				97934DF22C62F77F00B38E0A /* Resources */,
				97934DDD2C62F3C800B38E0A /* Assets.xcassets */,
				97934DDF2C62F3C800B38E0A /* LaunchScreen.storyboard */,
				97934DE22C62F3C800B38E0A /* Info.plist */,
			);
			path = GreenSitter;
			sourceTree = "<group>";
		};
		97934DE82C62F70C00B38E0A /* Common */ = {
			isa = PBXGroup;
			children = (
				97934DE92C62F72F00B38E0A /* Models */,
				97934DEA2C62F73A00B38E0A /* Views */,
				97934DEB2C62F74600B38E0A /* ViewModels */,
			);
			path = Common;
			sourceTree = "<group>";
		};
		97934DE92C62F72F00B38E0A /* Models */ = {
			isa = PBXGroup;
			children = (
				97934DFA2C62F87D00B38E0A /* User.swift */,
				97934DFC2C62F88600B38E0A /* Review.swift */,
				97934DFE2C62F88B00B38E0A /* Post.swift */,
				97934E002C62F89200B38E0A /* ChatRoom.swift */,
				97934E022C62F89700B38E0A /* Message.swift */,
				97934E042C62F89F00B38E0A /* LevelPoint.swift */,
				97934E1E2C62FABD00B38E0A /* Pin.swift */,
				97934E202C62FAC300B38E0A /* Location.swift */,
				97934E222C62FAC800B38E0A /* Plan.swift */,
				97934E242C62FACE00B38E0A /* Contract.swift */,
			);
			path = Models;
			sourceTree = "<group>";
		};
		97934DEA2C62F73A00B38E0A /* Views */ = {
			isa = PBXGroup;
			children = (
				97934E282C62FDF700B38E0A /* MapViewController.swift */,
				97934E2A2C62FE0F00B38E0A /* SearchMapViewController.swift */,
				97934E2C2C62FE1900B38E0A /* PlaceListViewController.swift */,
				97934E2E2C62FE2500B38E0A /* ReviewListViewController.swift */,
				97934E302C62FE2E00B38E0A /* PostTableViewController.swift */,
				97934E322C62FE3400B38E0A /* ReviewViewController.swift */,
			);
			path = Views;
			sourceTree = "<group>";
		};
		97934DEB2C62F74600B38E0A /* ViewModels */ = {
			isa = PBXGroup;
			children = (
				97934E122C62F8DB00B38E0A /* MapViewModel.swift */,
				97934E142C62F8DF00B38E0A /* SearchMapViewModel.swift */,
				97934E162C62F8E300B38E0A /* PlaceListViewModel.swift */,
				97934E182C62F8E700B38E0A /* ReviewListViewModel.swift */,
				97934E1A2C62F8EC00B38E0A /* PostTableViewModel.swift */,
				97934E1C2C62F8F000B38E0A /* ReviewViewModel.swift */,
			);
			path = ViewModels;
			sourceTree = "<group>";
		};
		97934DEC2C62F75300B38E0A /* Services */ = {
			isa = PBXGroup;
			children = (
			);
			path = Services;
			sourceTree = "<group>";
		};
		97934DED2C62F75900B38E0A /* Login */ = {
			isa = PBXGroup;
			children = (
				97934E382C62FF9200B38E0A /* LoginViewController.swift */,
			);
			path = Login;
			sourceTree = "<group>";
		};
		97934DEE2C62F75F00B38E0A /* Profile */ = {
			isa = PBXGroup;
			children = (
				97934E3A2C62FFA800B38E0A /* ProfileViewController.swift */,
			);
			path = Profile;
			sourceTree = "<group>";
		};
		97934DEF2C62F76700B38E0A /* Post */ = {
			isa = PBXGroup;
			children = (
				582F5D152C69009C00141938 /* ViewModels */,
				582F5D142C69009300141938 /* Views */,
			);
			path = Post;
			sourceTree = "<group>";
		};
		97934DF02C62F77000B38E0A /* Chat */ = {
			isa = PBXGroup;
			children = (
				582F5D182C69ABF800141938 /* DataManager.swift */,
				582F5D042C64856F00141938 /* SampleChatData.swift */,
				582F5D0F2C68C3F000141938 /* Views */,
				582F5D102C68C3FC00141938 /* ViewModels */,
			);
			path = Chat;
			sourceTree = "<group>";
		};
		97934DF12C62F77500B38E0A /* Map */ = {
			isa = PBXGroup;
			children = (
				97934E402C62FFDB00B38E0A /* CareFinderMapViewController.swift */,
			);
			path = Map;
			sourceTree = "<group>";
		};
		97934DF22C62F77F00B38E0A /* Resources */ = {
			isa = PBXGroup;
			children = (
				97934E422C63003C00B38E0A /* Colors.swift */,
			);
			path = Resources;
			sourceTree = "<group>";
		};
/* End PBXGroup section */

/* Begin PBXNativeTarget section */
		97934DD02C62F3C600B38E0A /* GreenSitter */ = {
			isa = PBXNativeTarget;
			buildConfigurationList = 97934DE52C62F3C800B38E0A /* Build configuration list for PBXNativeTarget "GreenSitter" */;
			buildPhases = (
				97934DCD2C62F3C600B38E0A /* Sources */,
				97934DCE2C62F3C600B38E0A /* Frameworks */,
				97934DCF2C62F3C600B38E0A /* Resources */,
			);
			buildRules = (
			);
			dependencies = (
			);
			name = GreenSitter;
			packageProductDependencies = (
				582F5D092C65FB5300141938 /* FirebaseAuth */,
				582F5D0B2C65FB5300141938 /* FirebaseFirestore */,
			);
			productName = GreenSitter;
			productReference = 97934DD12C62F3C600B38E0A /* GreenSitter.app */;
			productType = "com.apple.product-type.application";
		};
/* End PBXNativeTarget section */

/* Begin PBXProject section */
		97934DC92C62F3C600B38E0A /* Project object */ = {
			isa = PBXProject;
			attributes = {
				BuildIndependentTargetsInParallel = 1;
				LastSwiftUpdateCheck = 1540;
				LastUpgradeCheck = 1540;
				TargetAttributes = {
					97934DD02C62F3C600B38E0A = {
						CreatedOnToolsVersion = 15.4;
					};
				};
			};
			buildConfigurationList = 97934DCC2C62F3C600B38E0A /* Build configuration list for PBXProject "GreenSitter" */;
			compatibilityVersion = "Xcode 14.0";
			developmentRegion = en;
			hasScannedForEncodings = 0;
			knownRegions = (
				en,
				Base,
			);
			mainGroup = 97934DC82C62F3C600B38E0A;
			packageReferences = (
				582F5D082C65FB5300141938 /* XCRemoteSwiftPackageReference "firebase-ios-sdk" */,
			);
			productRefGroup = 97934DD22C62F3C600B38E0A /* Products */;
			projectDirPath = "";
			projectRoot = "";
			targets = (
				97934DD02C62F3C600B38E0A /* GreenSitter */,
			);
		};
/* End PBXProject section */

/* Begin PBXResourcesBuildPhase section */
		97934DCF2C62F3C600B38E0A /* Resources */ = {
			isa = PBXResourcesBuildPhase;
			buildActionMask = 2147483647;
			files = (
				97934DDE2C62F3C800B38E0A /* Assets.xcassets in Resources */,
				97934DE12C62F3C800B38E0A /* Base in Resources */,
				582F5D212C6A156C00141938 /* GoogleService-Info.plist in Resources */,
			);
			runOnlyForDeploymentPostprocessing = 0;
		};
/* End PBXResourcesBuildPhase section */

/* Begin PBXSourcesBuildPhase section */
		97934DCD2C62F3C600B38E0A /* Sources */ = {
			isa = PBXSourcesBuildPhase;
			buildActionMask = 2147483647;
			files = (
				97934E3D2C62FFB600B38E0A /* PostListViewController.swift in Sources */,
				582F5D132C68D2F000141938 /* FirestoreManager.swift in Sources */,
				97934E2D2C62FE1900B38E0A /* PlaceListViewController.swift in Sources */,
				97934E1F2C62FABD00B38E0A /* Pin.swift in Sources */,
				58E782202C6C2F4B00572554 /* ChatPostViewController.swift in Sources */,
				97934E2B2C62FE0F00B38E0A /* SearchMapViewController.swift in Sources */,
				97934E152C62F8DF00B38E0A /* SearchMapViewModel.swift in Sources */,
				97934E432C63003C00B38E0A /* Colors.swift in Sources */,
				97934DFD2C62F88600B38E0A /* Review.swift in Sources */,
				97934E292C62FDF700B38E0A /* MapViewController.swift in Sources */,
				97934E3B2C62FFA800B38E0A /* ProfileViewController.swift in Sources */,
				97934DFB2C62F87D00B38E0A /* User.swift in Sources */,
				97934E1B2C62F8EC00B38E0A /* PostTableViewModel.swift in Sources */,
				582F5D052C64856F00141938 /* SampleChatData.swift in Sources */,
				97934E3F2C62FFC500B38E0A /* ChatListViewController.swift in Sources */,
				97934E232C62FAC800B38E0A /* Plan.swift in Sources */,
				97934DD92C62F3C600B38E0A /* ViewController.swift in Sources */,
				97934E412C62FFDB00B38E0A /* CareFinderMapViewController.swift in Sources */,
				97934E172C62F8E300B38E0A /* PlaceListViewModel.swift in Sources */,
				97934E132C62F8DB00B38E0A /* MapViewModel.swift in Sources */,
				97934E252C62FACE00B38E0A /* Contract.swift in Sources */,
				97934E312C62FE2E00B38E0A /* PostTableViewController.swift in Sources */,
				582F5D0E2C68C3D800141938 /* ChatListViewModel.swift in Sources */,
				97934E2F2C62FE2500B38E0A /* ReviewListViewController.swift in Sources */,
				97934DFF2C62F88B00B38E0A /* Post.swift in Sources */,
				582F5D192C69ABF800141938 /* DataManager.swift in Sources */,
				582F5D172C6900B900141938 /* PostViewModel.swift in Sources */,
				97934E212C62FAC300B38E0A /* Location.swift in Sources */,
				582F5D1D2C69EAA700141938 /* ChatViewModel.swift in Sources */,
				582F5D1B2C69EA9A00141938 /* ChatViewController.swift in Sources */,
				97934E332C62FE3400B38E0A /* ReviewViewController.swift in Sources */,
				97934E052C62F89F00B38E0A /* LevelPoint.swift in Sources */,
				97934E012C62F89200B38E0A /* ChatRoom.swift in Sources */,
				97934E032C62F89700B38E0A /* Message.swift in Sources */,
				582F5D072C64935500141938 /* ChatTableViewCell.swift in Sources */,
				97934E1D2C62F8F000B38E0A /* ReviewViewModel.swift in Sources */,
				97934DD52C62F3C600B38E0A /* AppDelegate.swift in Sources */,
				97934DD72C62F3C600B38E0A /* SceneDelegate.swift in Sources */,
				97934E392C62FF9200B38E0A /* LoginViewController.swift in Sources */,
				97934E192C62F8E700B38E0A /* ReviewListViewModel.swift in Sources */,
			);
			runOnlyForDeploymentPostprocessing = 0;
		};
/* End PBXSourcesBuildPhase section */

/* Begin PBXVariantGroup section */
		97934DDF2C62F3C800B38E0A /* LaunchScreen.storyboard */ = {
			isa = PBXVariantGroup;
			children = (
				97934DE02C62F3C800B38E0A /* Base */,
			);
			name = LaunchScreen.storyboard;
			sourceTree = "<group>";
		};
/* End PBXVariantGroup section */

/* Begin XCBuildConfiguration section */
		97934DE32C62F3C800B38E0A /* Debug */ = {
			isa = XCBuildConfiguration;
			buildSettings = {
				ALWAYS_SEARCH_USER_PATHS = NO;
				ASSETCATALOG_COMPILER_GENERATE_SWIFT_ASSET_SYMBOL_EXTENSIONS = YES;
				CLANG_ANALYZER_NONNULL = YES;
				CLANG_ANALYZER_NUMBER_OBJECT_CONVERSION = YES_AGGRESSIVE;
				CLANG_CXX_LANGUAGE_STANDARD = "gnu++20";
				CLANG_ENABLE_MODULES = YES;
				CLANG_ENABLE_OBJC_ARC = YES;
				CLANG_ENABLE_OBJC_WEAK = YES;
				CLANG_WARN_BLOCK_CAPTURE_AUTORELEASING = YES;
				CLANG_WARN_BOOL_CONVERSION = YES;
				CLANG_WARN_COMMA = YES;
				CLANG_WARN_CONSTANT_CONVERSION = YES;
				CLANG_WARN_DEPRECATED_OBJC_IMPLEMENTATIONS = YES;
				CLANG_WARN_DIRECT_OBJC_ISA_USAGE = YES_ERROR;
				CLANG_WARN_DOCUMENTATION_COMMENTS = YES;
				CLANG_WARN_EMPTY_BODY = YES;
				CLANG_WARN_ENUM_CONVERSION = YES;
				CLANG_WARN_INFINITE_RECURSION = YES;
				CLANG_WARN_INT_CONVERSION = YES;
				CLANG_WARN_NON_LITERAL_NULL_CONVERSION = YES;
				CLANG_WARN_OBJC_IMPLICIT_RETAIN_SELF = YES;
				CLANG_WARN_OBJC_LITERAL_CONVERSION = YES;
				CLANG_WARN_OBJC_ROOT_CLASS = YES_ERROR;
				CLANG_WARN_QUOTED_INCLUDE_IN_FRAMEWORK_HEADER = YES;
				CLANG_WARN_RANGE_LOOP_ANALYSIS = YES;
				CLANG_WARN_STRICT_PROTOTYPES = YES;
				CLANG_WARN_SUSPICIOUS_MOVE = YES;
				CLANG_WARN_UNGUARDED_AVAILABILITY = YES_AGGRESSIVE;
				CLANG_WARN_UNREACHABLE_CODE = YES;
				CLANG_WARN__DUPLICATE_METHOD_MATCH = YES;
				COPY_PHASE_STRIP = NO;
				DEBUG_INFORMATION_FORMAT = dwarf;
				ENABLE_STRICT_OBJC_MSGSEND = YES;
				ENABLE_TESTABILITY = YES;
				ENABLE_USER_SCRIPT_SANDBOXING = YES;
				GCC_C_LANGUAGE_STANDARD = gnu17;
				GCC_DYNAMIC_NO_PIC = NO;
				GCC_NO_COMMON_BLOCKS = YES;
				GCC_OPTIMIZATION_LEVEL = 0;
				GCC_PREPROCESSOR_DEFINITIONS = (
					"DEBUG=1",
					"$(inherited)",
				);
				GCC_WARN_64_TO_32_BIT_CONVERSION = YES;
				GCC_WARN_ABOUT_RETURN_TYPE = YES_ERROR;
				GCC_WARN_UNDECLARED_SELECTOR = YES;
				GCC_WARN_UNINITIALIZED_AUTOS = YES_AGGRESSIVE;
				GCC_WARN_UNUSED_FUNCTION = YES;
				GCC_WARN_UNUSED_VARIABLE = YES;
				IPHONEOS_DEPLOYMENT_TARGET = 17.5;
				LOCALIZATION_PREFERS_STRING_CATALOGS = YES;
				MTL_ENABLE_DEBUG_INFO = INCLUDE_SOURCE;
				MTL_FAST_MATH = YES;
				ONLY_ACTIVE_ARCH = YES;
				SDKROOT = iphoneos;
				SWIFT_ACTIVE_COMPILATION_CONDITIONS = "DEBUG $(inherited)";
				SWIFT_OPTIMIZATION_LEVEL = "-Onone";
			};
			name = Debug;
		};
		97934DE42C62F3C800B38E0A /* Release */ = {
			isa = XCBuildConfiguration;
			buildSettings = {
				ALWAYS_SEARCH_USER_PATHS = NO;
				ASSETCATALOG_COMPILER_GENERATE_SWIFT_ASSET_SYMBOL_EXTENSIONS = YES;
				CLANG_ANALYZER_NONNULL = YES;
				CLANG_ANALYZER_NUMBER_OBJECT_CONVERSION = YES_AGGRESSIVE;
				CLANG_CXX_LANGUAGE_STANDARD = "gnu++20";
				CLANG_ENABLE_MODULES = YES;
				CLANG_ENABLE_OBJC_ARC = YES;
				CLANG_ENABLE_OBJC_WEAK = YES;
				CLANG_WARN_BLOCK_CAPTURE_AUTORELEASING = YES;
				CLANG_WARN_BOOL_CONVERSION = YES;
				CLANG_WARN_COMMA = YES;
				CLANG_WARN_CONSTANT_CONVERSION = YES;
				CLANG_WARN_DEPRECATED_OBJC_IMPLEMENTATIONS = YES;
				CLANG_WARN_DIRECT_OBJC_ISA_USAGE = YES_ERROR;
				CLANG_WARN_DOCUMENTATION_COMMENTS = YES;
				CLANG_WARN_EMPTY_BODY = YES;
				CLANG_WARN_ENUM_CONVERSION = YES;
				CLANG_WARN_INFINITE_RECURSION = YES;
				CLANG_WARN_INT_CONVERSION = YES;
				CLANG_WARN_NON_LITERAL_NULL_CONVERSION = YES;
				CLANG_WARN_OBJC_IMPLICIT_RETAIN_SELF = YES;
				CLANG_WARN_OBJC_LITERAL_CONVERSION = YES;
				CLANG_WARN_OBJC_ROOT_CLASS = YES_ERROR;
				CLANG_WARN_QUOTED_INCLUDE_IN_FRAMEWORK_HEADER = YES;
				CLANG_WARN_RANGE_LOOP_ANALYSIS = YES;
				CLANG_WARN_STRICT_PROTOTYPES = YES;
				CLANG_WARN_SUSPICIOUS_MOVE = YES;
				CLANG_WARN_UNGUARDED_AVAILABILITY = YES_AGGRESSIVE;
				CLANG_WARN_UNREACHABLE_CODE = YES;
				CLANG_WARN__DUPLICATE_METHOD_MATCH = YES;
				COPY_PHASE_STRIP = NO;
				DEBUG_INFORMATION_FORMAT = "dwarf-with-dsym";
				ENABLE_NS_ASSERTIONS = NO;
				ENABLE_STRICT_OBJC_MSGSEND = YES;
				ENABLE_USER_SCRIPT_SANDBOXING = YES;
				GCC_C_LANGUAGE_STANDARD = gnu17;
				GCC_NO_COMMON_BLOCKS = YES;
				GCC_WARN_64_TO_32_BIT_CONVERSION = YES;
				GCC_WARN_ABOUT_RETURN_TYPE = YES_ERROR;
				GCC_WARN_UNDECLARED_SELECTOR = YES;
				GCC_WARN_UNINITIALIZED_AUTOS = YES_AGGRESSIVE;
				GCC_WARN_UNUSED_FUNCTION = YES;
				GCC_WARN_UNUSED_VARIABLE = YES;
				IPHONEOS_DEPLOYMENT_TARGET = 17.5;
				LOCALIZATION_PREFERS_STRING_CATALOGS = YES;
				MTL_ENABLE_DEBUG_INFO = NO;
				MTL_FAST_MATH = YES;
				SDKROOT = iphoneos;
				SWIFT_COMPILATION_MODE = wholemodule;
				VALIDATE_PRODUCT = YES;
			};
			name = Release;
		};
		97934DE62C62F3C800B38E0A /* Debug */ = {
			isa = XCBuildConfiguration;
			buildSettings = {
				ASSETCATALOG_COMPILER_APPICON_NAME = AppIcon;
				ASSETCATALOG_COMPILER_GLOBAL_ACCENT_COLOR_NAME = AccentColor;
				CODE_SIGN_STYLE = Automatic;
				CURRENT_PROJECT_VERSION = 1;
				DEVELOPMENT_TEAM = 285ZKW5MPR;
				GENERATE_INFOPLIST_FILE = YES;
				INFOPLIST_FILE = GreenSitter/Info.plist;
				INFOPLIST_KEY_UIApplicationSupportsIndirectInputEvents = YES;
				INFOPLIST_KEY_UILaunchStoryboardName = LaunchScreen;
				INFOPLIST_KEY_UISupportedInterfaceOrientations_iPad = "UIInterfaceOrientationPortrait UIInterfaceOrientationPortraitUpsideDown UIInterfaceOrientationLandscapeLeft UIInterfaceOrientationLandscapeRight";
				INFOPLIST_KEY_UISupportedInterfaceOrientations_iPhone = "UIInterfaceOrientationPortrait UIInterfaceOrientationLandscapeLeft UIInterfaceOrientationLandscapeRight";
				LD_RUNPATH_SEARCH_PATHS = (
					"$(inherited)",
					"@executable_path/Frameworks",
				);
				MARKETING_VERSION = 1.0;
				PRODUCT_BUNDLE_IDENTIFIER = com.guards.GreenSitter;
				PRODUCT_NAME = "$(TARGET_NAME)";
				SWIFT_EMIT_LOC_STRINGS = YES;
				SWIFT_VERSION = 5.0;
				TARGETED_DEVICE_FAMILY = "1,2";
			};
			name = Debug;
		};
		97934DE72C62F3C800B38E0A /* Release */ = {
			isa = XCBuildConfiguration;
			buildSettings = {
				ASSETCATALOG_COMPILER_APPICON_NAME = AppIcon;
				ASSETCATALOG_COMPILER_GLOBAL_ACCENT_COLOR_NAME = AccentColor;
				CODE_SIGN_STYLE = Automatic;
				CURRENT_PROJECT_VERSION = 1;
				DEVELOPMENT_TEAM = 285ZKW5MPR;
				GENERATE_INFOPLIST_FILE = YES;
				INFOPLIST_FILE = GreenSitter/Info.plist;
				INFOPLIST_KEY_UIApplicationSupportsIndirectInputEvents = YES;
				INFOPLIST_KEY_UILaunchStoryboardName = LaunchScreen;
				INFOPLIST_KEY_UISupportedInterfaceOrientations_iPad = "UIInterfaceOrientationPortrait UIInterfaceOrientationPortraitUpsideDown UIInterfaceOrientationLandscapeLeft UIInterfaceOrientationLandscapeRight";
				INFOPLIST_KEY_UISupportedInterfaceOrientations_iPhone = "UIInterfaceOrientationPortrait UIInterfaceOrientationLandscapeLeft UIInterfaceOrientationLandscapeRight";
				LD_RUNPATH_SEARCH_PATHS = (
					"$(inherited)",
					"@executable_path/Frameworks",
				);
				MARKETING_VERSION = 1.0;
				PRODUCT_BUNDLE_IDENTIFIER = com.guards.GreenSitter;
				PRODUCT_NAME = "$(TARGET_NAME)";
				SWIFT_EMIT_LOC_STRINGS = YES;
				SWIFT_VERSION = 5.0;
				TARGETED_DEVICE_FAMILY = "1,2";
			};
			name = Release;
		};
/* End XCBuildConfiguration section */

/* Begin XCConfigurationList section */
		97934DCC2C62F3C600B38E0A /* Build configuration list for PBXProject "GreenSitter" */ = {
			isa = XCConfigurationList;
			buildConfigurations = (
				97934DE32C62F3C800B38E0A /* Debug */,
				97934DE42C62F3C800B38E0A /* Release */,
			);
			defaultConfigurationIsVisible = 0;
			defaultConfigurationName = Release;
		};
		97934DE52C62F3C800B38E0A /* Build configuration list for PBXNativeTarget "GreenSitter" */ = {
			isa = XCConfigurationList;
			buildConfigurations = (
				97934DE62C62F3C800B38E0A /* Debug */,
				97934DE72C62F3C800B38E0A /* Release */,
			);
			defaultConfigurationIsVisible = 0;
			defaultConfigurationName = Release;
		};
/* End XCConfigurationList section */

/* Begin XCRemoteSwiftPackageReference section */
		582F5D082C65FB5300141938 /* XCRemoteSwiftPackageReference "firebase-ios-sdk" */ = {
			isa = XCRemoteSwiftPackageReference;
			repositoryURL = "https://github.com/firebase/firebase-ios-sdk.git";
			requirement = {
				kind = upToNextMajorVersion;
				minimumVersion = 11.0.0;
			};
		};
/* End XCRemoteSwiftPackageReference section */

/* Begin XCSwiftPackageProductDependency section */
		582F5D092C65FB5300141938 /* FirebaseAuth */ = {
			isa = XCSwiftPackageProductDependency;
			package = 582F5D082C65FB5300141938 /* XCRemoteSwiftPackageReference "firebase-ios-sdk" */;
			productName = FirebaseAuth;
		};
		582F5D0B2C65FB5300141938 /* FirebaseFirestore */ = {
			isa = XCSwiftPackageProductDependency;
			package = 582F5D082C65FB5300141938 /* XCRemoteSwiftPackageReference "firebase-ios-sdk" */;
			productName = FirebaseFirestore;
		};
/* End XCSwiftPackageProductDependency section */
	};
	rootObject = 97934DC92C62F3C600B38E0A /* Project object */;
}
