// !$*UTF8*$!
{
	archiveVersion = 1;
	classes = {
	};
	objectVersion = 56;
	objects = {

/* Begin PBXBuildFile section */
		156A3B592C749E3900F22B74 /* PlanPlaceDetailViewController.swift in Sources */ = {isa = PBXBuildFile; fileRef = 156A3B582C749E3900F22B74 /* PlanPlaceDetailViewController.swift */; };
		15C8208A2C775ECB002991DE /* ImageDetailCollectionViewController.swift in Sources */ = {isa = PBXBuildFile; fileRef = 15C820892C775ECB002991DE /* ImageDetailCollectionViewController.swift */; };
		15C8208C2C776FA2002991DE /* ImageDetailCollectionViewCell.swift in Sources */ = {isa = PBXBuildFile; fileRef = 15C8208B2C776FA2002991DE /* ImageDetailCollectionViewCell.swift */; };
		15F221A42C758AA300DF285A /* FirestorageManager.swift in Sources */ = {isa = PBXBuildFile; fileRef = 15F221A32C758AA300DF285A /* FirestorageManager.swift */; };
		15F221A62C75CB5F00DF285A /* ChatMessageTableViewImageCell.swift in Sources */ = {isa = PBXBuildFile; fileRef = 15F221A52C75CB5F00DF285A /* ChatMessageTableViewImageCell.swift */; };
		15F221A82C76BBF700DF285A /* ChatMessageTableViewPlanCell.swift in Sources */ = {isa = PBXBuildFile; fileRef = 15F221A72C76BBF700DF285A /* ChatMessageTableViewPlanCell.swift */; };
		15F316352C71FB6C00F30B72 /* ColorExtension.swift in Sources */ = {isa = PBXBuildFile; fileRef = 15F316342C71FB6C00F30B72 /* ColorExtension.swift */; };
		15F316372C71FB7D00F30B72 /* UILabelExtension.swift in Sources */ = {isa = PBXBuildFile; fileRef = 15F316362C71FB7D00F30B72 /* UILabelExtension.swift */; };
		3B57780B2C733533000643C9 /* ReviewSendTableViewCell.swift in Sources */ = {isa = PBXBuildFile; fileRef = 3B57780A2C733533000643C9 /* ReviewSendTableViewCell.swift */; };
		3B57780D2C73356E000643C9 /* ReviewPostTableViewCell.swift in Sources */ = {isa = PBXBuildFile; fileRef = 3B57780C2C73356E000643C9 /* ReviewPostTableViewCell.swift */; };
		3B596DF82C6B460A00C71851 /* IntroductionTableCell.swift in Sources */ = {isa = PBXBuildFile; fileRef = 3B596DF72C6B460A00C71851 /* IntroductionTableCell.swift */; };
		3B596DFA2C6B461200C71851 /* CustomTableCell.swift in Sources */ = {isa = PBXBuildFile; fileRef = 3B596DF92C6B461200C71851 /* CustomTableCell.swift */; };
		3B596DFF2C6B462B00C71851 /* InformationTableCell.swift in Sources */ = {isa = PBXBuildFile; fileRef = 3B596DFE2C6B462B00C71851 /* InformationTableCell.swift */; };
		3B61C6982C71CB1600337B66 /* SelfIntroductionViewController.swift in Sources */ = {isa = PBXBuildFile; fileRef = 3B61C6972C71CB1600337B66 /* SelfIntroductionViewController.swift */; };
		3B61C69A2C71DCAD00337B66 /* SelfIntroductionViewModel.swift in Sources */ = {isa = PBXBuildFile; fileRef = 3B61C6992C71DCAD00337B66 /* SelfIntroductionViewModel.swift */; };
		3B6D2C5E2C69A50F0076B1DA /* ProfileTableViewCell.swift in Sources */ = {isa = PBXBuildFile; fileRef = 3B6D2C5D2C69A50F0076B1DA /* ProfileTableViewCell.swift */; };
		3B6DE1AC2C72D24B009DD41A /* CareRecordViewController.swift in Sources */ = {isa = PBXBuildFile; fileRef = 3B6DE1AB2C72D24B009DD41A /* CareRecordViewController.swift */; };
		3B6DE1AE2C72D457009DD41A /* CareRecordViewModel.swift in Sources */ = {isa = PBXBuildFile; fileRef = 3B6DE1AD2C72D457009DD41A /* CareRecordViewModel.swift */; };
		3B6DE1B02C72D483009DD41A /* CareRecordTableViewCell.swift in Sources */ = {isa = PBXBuildFile; fileRef = 3B6DE1AF2C72D483009DD41A /* CareRecordTableViewCell.swift */; };
		3B7D8F3D2C75686700008F22 /* WriteReviewViewController.swift in Sources */ = {isa = PBXBuildFile; fileRef = 3B7D8F3C2C75686700008F22 /* WriteReviewViewController.swift */; };
		3B7D8F3F2C75689C00008F22 /* WriteReviewViewModel.swift in Sources */ = {isa = PBXBuildFile; fileRef = 3B7D8F3E2C75689C00008F22 /* WriteReviewViewModel.swift */; };
		3B7D8F492C75890A00008F22 /* ReceiveReviewViewController.swift in Sources */ = {isa = PBXBuildFile; fileRef = 3B7D8F482C75890A00008F22 /* ReceiveReviewViewController.swift */; };
		3B7D8F4B2C75898B00008F22 /* ReceiveReviewViewModel.swift in Sources */ = {isa = PBXBuildFile; fileRef = 3B7D8F4A2C75898B00008F22 /* ReceiveReviewViewModel.swift */; };
		3B7D8F4D2C7589A200008F22 /* ReceiveReviewTableViewCell.swift in Sources */ = {isa = PBXBuildFile; fileRef = 3B7D8F4C2C7589A200008F22 /* ReceiveReviewTableViewCell.swift */; };
		3B8348122C74BF6600359E85 /* LeavePlantListViewController.swift in Sources */ = {isa = PBXBuildFile; fileRef = 3B8348112C74BF6600359E85 /* LeavePlantListViewController.swift */; };
		3B8348142C74C0F800359E85 /* LeavePlantListModel.swift in Sources */ = {isa = PBXBuildFile; fileRef = 3B8348132C74C0F800359E85 /* LeavePlantListModel.swift */; };
		3BAD24632C77340E004C2DBA /* ServiceViewController.swift in Sources */ = {isa = PBXBuildFile; fileRef = 3BAD24622C77340E004C2DBA /* ServiceViewController.swift */; };
		3BAD24662C773DD0004C2DBA /* LocationServiceViewController.swift in Sources */ = {isa = PBXBuildFile; fileRef = 3BAD24652C773DD0004C2DBA /* LocationServiceViewController.swift */; };
		3BAD24682C773E2A004C2DBA /* PersonalinfomationViewController.swift in Sources */ = {isa = PBXBuildFile; fileRef = 3BAD24672C773E2A004C2DBA /* PersonalinfomationViewController.swift */; };
		4F822E822C79FC9D007402CB /* FullScreenImageViewController.swift in Sources */ = {isa = PBXBuildFile; fileRef = 4F822E812C79FC9D007402CB /* FullScreenImageViewController.swift */; };
		4F822E842C79FE6F007402CB /* FullScreenPageViewController.swift in Sources */ = {isa = PBXBuildFile; fileRef = 4F822E832C79FE6F007402CB /* FullScreenPageViewController.swift */; };
		4F822E9D2C7F243A007402CB /* SearchPostViewController.swift in Sources */ = {isa = PBXBuildFile; fileRef = 4F822E9C2C7F243A007402CB /* SearchPostViewController.swift */; };
		4F822E9F2C7F2472007402CB /* SearchPostViewModel.swift in Sources */ = {isa = PBXBuildFile; fileRef = 4F822E9E2C7F2472007402CB /* SearchPostViewModel.swift */; };
		4FE1259A2C80116000C57C16 /* APPKey.plist in Resources */ = {isa = PBXBuildFile; fileRef = 4FE125992C80116000C57C16 /* APPKey.plist */; };
		4FE1259C2C8011B500C57C16 /* APPKey.plist in Resources */ = {isa = PBXBuildFile; fileRef = 4FE1259B2C8011B500C57C16 /* APPKey.plist */; };
		580820592C79BEFF00904201 /* GoogleService-Info.plist in Resources */ = {isa = PBXBuildFile; fileRef = 580820572C79BEFF00904201 /* GoogleService-Info.plist */; };
		58F68FE92C7217AB00A7F564 /* MessageInputViewController.swift in Sources */ = {isa = PBXBuildFile; fileRef = 58F68FE82C7217AB00A7F564 /* MessageInputViewController.swift */; };
		58F68FEB2C72273700A7F564 /* ChatMessageTableViewCell.swift in Sources */ = {isa = PBXBuildFile; fileRef = 58F68FEA2C72273700A7F564 /* ChatMessageTableViewCell.swift */; };
		9731BD242C78544C001B6A44 /* GoogleSignIn in Frameworks */ = {isa = PBXBuildFile; productRef = 58E98C322C781BD7001E4140 /* GoogleSignIn */; };
		9731BD252C78544C001B6A44 /* GoogleSignInSwift in Frameworks */ = {isa = PBXBuildFile; productRef = 58E98C342C781BD7001E4140 /* GoogleSignInSwift */; };
		9731BD262C78544C001B6A44 /* FirebaseAuth in Frameworks */ = {isa = PBXBuildFile; productRef = 58E98C362C781C00001E4140 /* FirebaseAuth */; };
		9731BD272C78544C001B6A44 /* FirebaseFirestore in Frameworks */ = {isa = PBXBuildFile; productRef = 58E98C382C781C00001E4140 /* FirebaseFirestore */; };
		9731BD282C78544C001B6A44 /* FirebaseMessaging in Frameworks */ = {isa = PBXBuildFile; productRef = 58E98C3A2C781C00001E4140 /* FirebaseMessaging */; };
		9731BD292C78544C001B6A44 /* FirebaseStorage in Frameworks */ = {isa = PBXBuildFile; productRef = 58E98C3C2C781C00001E4140 /* FirebaseStorage */; };
		974FF2522C6C5BA5009277B9 /* SearchMapDetailViewController.swift in Sources */ = {isa = PBXBuildFile; fileRef = 974FF2512C6C5BA5009277B9 /* SearchMapDetailViewController.swift */; };
		977A52B32C69A84500E375F1 /* AnnotationDetailViewController.swift in Sources */ = {isa = PBXBuildFile; fileRef = 977A52B22C69A84500E375F1 /* AnnotationDetailViewController.swift */; };
		97934DD52C62F3C600B38E0A /* AppDelegate.swift in Sources */ = {isa = PBXBuildFile; fileRef = 97934DD42C62F3C600B38E0A /* AppDelegate.swift */; };
		97934DD72C62F3C600B38E0A /* SceneDelegate.swift in Sources */ = {isa = PBXBuildFile; fileRef = 97934DD62C62F3C600B38E0A /* SceneDelegate.swift */; };
		97934DD92C62F3C600B38E0A /* ViewController.swift in Sources */ = {isa = PBXBuildFile; fileRef = 97934DD82C62F3C600B38E0A /* ViewController.swift */; };
		97934DDE2C62F3C800B38E0A /* Assets.xcassets in Resources */ = {isa = PBXBuildFile; fileRef = 97934DDD2C62F3C800B38E0A /* Assets.xcassets */; };
		97934DE12C62F3C800B38E0A /* Base in Resources */ = {isa = PBXBuildFile; fileRef = 97934DE02C62F3C800B38E0A /* Base */; };
		97934DFB2C62F87D00B38E0A /* User.swift in Sources */ = {isa = PBXBuildFile; fileRef = 97934DFA2C62F87D00B38E0A /* User.swift */; };
		97934DFD2C62F88600B38E0A /* Review.swift in Sources */ = {isa = PBXBuildFile; fileRef = 97934DFC2C62F88600B38E0A /* Review.swift */; };
		97934DFF2C62F88B00B38E0A /* Post.swift in Sources */ = {isa = PBXBuildFile; fileRef = 97934DFE2C62F88B00B38E0A /* Post.swift */; };
		97934E012C62F89200B38E0A /* ChatRoom.swift in Sources */ = {isa = PBXBuildFile; fileRef = 97934E002C62F89200B38E0A /* ChatRoom.swift */; };
		97934E032C62F89700B38E0A /* Message.swift in Sources */ = {isa = PBXBuildFile; fileRef = 97934E022C62F89700B38E0A /* Message.swift */; };
		97934E052C62F89F00B38E0A /* LevelPoint.swift in Sources */ = {isa = PBXBuildFile; fileRef = 97934E042C62F89F00B38E0A /* LevelPoint.swift */; };
		97934E152C62F8DF00B38E0A /* SearchMapViewModel.swift in Sources */ = {isa = PBXBuildFile; fileRef = 97934E142C62F8DF00B38E0A /* SearchMapViewModel.swift */; };
		97934E172C62F8E300B38E0A /* PlaceListViewModel.swift in Sources */ = {isa = PBXBuildFile; fileRef = 97934E162C62F8E300B38E0A /* PlaceListViewModel.swift */; };
		97934E192C62F8E700B38E0A /* ReviewListViewModel.swift in Sources */ = {isa = PBXBuildFile; fileRef = 97934E182C62F8E700B38E0A /* ReviewListViewModel.swift */; };
		97934E1D2C62F8F000B38E0A /* ReviewViewModel.swift in Sources */ = {isa = PBXBuildFile; fileRef = 97934E1C2C62F8F000B38E0A /* ReviewViewModel.swift */; };
		97934E212C62FAC300B38E0A /* Location.swift in Sources */ = {isa = PBXBuildFile; fileRef = 97934E202C62FAC300B38E0A /* Location.swift */; };
		97934E232C62FAC800B38E0A /* Plan.swift in Sources */ = {isa = PBXBuildFile; fileRef = 97934E222C62FAC800B38E0A /* Plan.swift */; };
		97934E252C62FACE00B38E0A /* Contract.swift in Sources */ = {isa = PBXBuildFile; fileRef = 97934E242C62FACE00B38E0A /* Contract.swift */; };
		97934E2B2C62FE0F00B38E0A /* SearchMapViewController.swift in Sources */ = {isa = PBXBuildFile; fileRef = 97934E2A2C62FE0F00B38E0A /* SearchMapViewController.swift */; };
		97934E2D2C62FE1900B38E0A /* PlaceListViewController.swift in Sources */ = {isa = PBXBuildFile; fileRef = 97934E2C2C62FE1900B38E0A /* PlaceListViewController.swift */; };
		97934E2F2C62FE2500B38E0A /* ReviewListViewController.swift in Sources */ = {isa = PBXBuildFile; fileRef = 97934E2E2C62FE2500B38E0A /* ReviewListViewController.swift */; };
		97934E332C62FE3400B38E0A /* ReviewViewController.swift in Sources */ = {isa = PBXBuildFile; fileRef = 97934E322C62FE3400B38E0A /* ReviewViewController.swift */; };
		97934E3D2C62FFB600B38E0A /* (null) in Sources */ = {isa = PBXBuildFile; };
		97934E3F2C62FFC500B38E0A /* (null) in Sources */ = {isa = PBXBuildFile; };
		97934E432C63003C00B38E0A /* Colors.swift in Sources */ = {isa = PBXBuildFile; fileRef = 97934E422C63003C00B38E0A /* Colors.swift */; };
		97934E4F2C633FA700B38E0A /* (null) in Sources */ = {isa = PBXBuildFile; };
		97934E5A2C65EDBD00B38E0A /* MapViewController.swift in Sources */ = {isa = PBXBuildFile; fileRef = 97934E592C65EDBD00B38E0A /* MapViewController.swift */; };
		97934E662C68614E00B38E0A /* CustomAnnotation.swift in Sources */ = {isa = PBXBuildFile; fileRef = 97934E652C68614E00B38E0A /* CustomAnnotation.swift */; };
		97B4E8932C6AE6AA0028BE1F /* KakaoAPIService.swift in Sources */ = {isa = PBXBuildFile; fileRef = 97B4E8922C6AE6AA0028BE1F /* KakaoAPIService.swift */; };
		97B4E8952C6AF0FB0028BE1F /* MapViewModel.swift in Sources */ = {isa = PBXBuildFile; fileRef = 97B4E8942C6AF0FB0028BE1F /* MapViewModel.swift */; };
		97BC0DE62C747A9800F4D0B4 /* PostDetailViewModel.swift in Sources */ = {isa = PBXBuildFile; fileRef = 97BC0DE12C747A9800F4D0B4 /* PostDetailViewModel.swift */; };
		97BC0DE82C747A9800F4D0B4 /* AddPostViewModel.swift in Sources */ = {isa = PBXBuildFile; fileRef = 97BC0DE32C747A9800F4D0B4 /* AddPostViewModel.swift */; };
		97BC0DE92C747A9800F4D0B4 /* EditPostViewModel.swift in Sources */ = {isa = PBXBuildFile; fileRef = 97BC0DE42C747A9800F4D0B4 /* EditPostViewModel.swift */; };
		97BC0DF62C75BCCF00F4D0B4 /* EditPostViewController.swift in Sources */ = {isa = PBXBuildFile; fileRef = 97BC0DEF2C75BCCF00F4D0B4 /* EditPostViewController.swift */; };
		97BC0DF72C75BCCF00F4D0B4 /* PostDetailViewController.swift in Sources */ = {isa = PBXBuildFile; fileRef = 97BC0DF02C75BCCF00F4D0B4 /* PostDetailViewController.swift */; };
		97BC0DF82C75BCCF00F4D0B4 /* MainPostListViewController.swift in Sources */ = {isa = PBXBuildFile; fileRef = 97BC0DF12C75BCCF00F4D0B4 /* MainPostListViewController.swift */; };
		97BC0DFC2C75BCCF00F4D0B4 /* AddPostViewController.swift in Sources */ = {isa = PBXBuildFile; fileRef = 97BC0DF52C75BCCF00F4D0B4 /* AddPostViewController.swift */; };
		97BC0DFE2C75D26700F4D0B4 /* PostTableViewCell.swift in Sources */ = {isa = PBXBuildFile; fileRef = 97BC0DFD2C75D26700F4D0B4 /* PostTableViewCell.swift */; };
		97BC0E002C76F40600F4D0B4 /* MainPostListViewModel.swift in Sources */ = {isa = PBXBuildFile; fileRef = 97BC0DFF2C76F40600F4D0B4 /* MainPostListViewModel.swift */; };
		97D1BE412C6C7F0500F7A983 /* LoginViewController.swift in Sources */ = {isa = PBXBuildFile; fileRef = 97D1BE3E2C6C7F0500F7A983 /* LoginViewController.swift */; };
		97D1BE422C6C7F0500F7A983 /* SetProfileViewController.swift in Sources */ = {isa = PBXBuildFile; fileRef = 97D1BE3F2C6C7F0500F7A983 /* SetProfileViewController.swift */; };
		97D1BE432C6C7F0500F7A983 /* SetLocationViewController.swift in Sources */ = {isa = PBXBuildFile; fileRef = 97D1BE402C6C7F0500F7A983 /* SetLocationViewController.swift */; };
		97D1BE472C6C7F8800F7A983 /* LoginViewModel.swift in Sources */ = {isa = PBXBuildFile; fileRef = 97D1BE462C6C7F8800F7A983 /* LoginViewModel.swift */; };
		97D1BE692C6C8B7D00F7A983 /* AboutMeTableViewModel.swift in Sources */ = {isa = PBXBuildFile; fileRef = 97D1BE622C6C8B7D00F7A983 /* AboutMeTableViewModel.swift */; };
		97D1BE6A2C6C8B7D00F7A983 /* AboutMeViewModel.swift in Sources */ = {isa = PBXBuildFile; fileRef = 97D1BE632C6C8B7D00F7A983 /* AboutMeViewModel.swift */; };
		97D1BE6B2C6C8B7D00F7A983 /* NincknameViewModel.swift in Sources */ = {isa = PBXBuildFile; fileRef = 97D1BE642C6C8B7D00F7A983 /* NincknameViewModel.swift */; };
		97D1BE6C2C6C8B7D00F7A983 /* ProfileImageViewModel.swift in Sources */ = {isa = PBXBuildFile; fileRef = 97D1BE652C6C8B7D00F7A983 /* ProfileImageViewModel.swift */; };
		97D1BE6D2C6C8B7D00F7A983 /* ProfileTableViewModel.swift in Sources */ = {isa = PBXBuildFile; fileRef = 97D1BE662C6C8B7D00F7A983 /* ProfileTableViewModel.swift */; };
		97D1BE6E2C6C8B7D00F7A983 /* ProfileViewModel.swift in Sources */ = {isa = PBXBuildFile; fileRef = 97D1BE672C6C8B7D00F7A983 /* ProfileViewModel.swift */; };
		97D1BE7D2C6C8BBA00F7A983 /* ChatAdditionalButton.swift in Sources */ = {isa = PBXBuildFile; fileRef = 97D1BE6F2C6C8BB900F7A983 /* ChatAdditionalButton.swift */; };
		97D1BE7E2C6C8BBA00F7A983 /* PlanProgressBar.swift in Sources */ = {isa = PBXBuildFile; fileRef = 97D1BE702C6C8BB900F7A983 /* PlanProgressBar.swift */; };
		97D1BE7F2C6C8BBA00F7A983 /* ChatAdditionalButtonsViewModel.swift in Sources */ = {isa = PBXBuildFile; fileRef = 97D1BE722C6C8BB900F7A983 /* ChatAdditionalButtonsViewModel.swift */; };
		97D1BE802C6C8BBA00F7A983 /* MakePlanViewModel.swift in Sources */ = {isa = PBXBuildFile; fileRef = 97D1BE732C6C8BB900F7A983 /* MakePlanViewModel.swift */; };
		97D1BE812C6C8BBA00F7A983 /* ChatAdditionalButtonModel.swift in Sources */ = {isa = PBXBuildFile; fileRef = 97D1BE752C6C8BB900F7A983 /* ChatAdditionalButtonModel.swift */; };
		97D1BE962C6C93A100F7A983 /* FirestoreManager.swift in Sources */ = {isa = PBXBuildFile; fileRef = 97D1BE932C6C93A100F7A983 /* FirestoreManager.swift */; };
		97D1BE972C6C93A100F7A983 /* ChatViewModel.swift in Sources */ = {isa = PBXBuildFile; fileRef = 97D1BE942C6C93A100F7A983 /* ChatViewModel.swift */; };
		97D1BE9D2C6C93CD00F7A983 /* AboutMeViewController.swift in Sources */ = {isa = PBXBuildFile; fileRef = 97D1BE992C6C93CD00F7A983 /* AboutMeViewController.swift */; };
		97D1BE9E2C6C93CD00F7A983 /* NicknameViewController.swift in Sources */ = {isa = PBXBuildFile; fileRef = 97D1BE9A2C6C93CD00F7A983 /* NicknameViewController.swift */; };
		97D1BE9F2C6C93CD00F7A983 /* ProfileViewController.swift in Sources */ = {isa = PBXBuildFile; fileRef = 97D1BE9B2C6C93CD00F7A983 /* ProfileViewController.swift */; };
		97D1BEA52C6C93FA00F7A983 /* PostListViewController.swift in Sources */ = {isa = PBXBuildFile; fileRef = 97D1BEA22C6C93FA00F7A983 /* PostListViewController.swift */; };
		97D1BEA82C6C954100F7A983 /* DataManager.swift in Sources */ = {isa = PBXBuildFile; fileRef = 97D1BEA62C6C954100F7A983 /* DataManager.swift */; };
		97D1BEA92C6C954100F7A983 /* SampleChatData.swift in Sources */ = {isa = PBXBuildFile; fileRef = 97D1BEA72C6C954100F7A983 /* SampleChatData.swift */; };
		97D1BEAF2C6C9DB100F7A983 /* BundleExtension.swift in Sources */ = {isa = PBXBuildFile; fileRef = 97D1BEAE2C6C9DB100F7A983 /* BundleExtension.swift */; };
		97D1BEBC2C6C9DF400F7A983 /* ChatAdditionalButtonsViewController.swift in Sources */ = {isa = PBXBuildFile; fileRef = 97D1BEB12C6C9DF400F7A983 /* ChatAdditionalButtonsViewController.swift */; };
		97D1BEBD2C6C9DF400F7A983 /* ChatListViewController.swift in Sources */ = {isa = PBXBuildFile; fileRef = 97D1BEB22C6C9DF400F7A983 /* ChatListViewController.swift */; };
		97D1BEBE2C6C9DF400F7A983 /* ChatMessageViewController.swift in Sources */ = {isa = PBXBuildFile; fileRef = 97D1BEB32C6C9DF400F7A983 /* ChatMessageViewController.swift */; };
		97D1BEBF2C6C9DF400F7A983 /* ChatPostViewController.swift in Sources */ = {isa = PBXBuildFile; fileRef = 97D1BEB42C6C9DF400F7A983 /* ChatPostViewController.swift */; };
		97D1BEC02C6C9DF400F7A983 /* ChatTableViewCell.swift in Sources */ = {isa = PBXBuildFile; fileRef = 97D1BEB52C6C9DF400F7A983 /* ChatTableViewCell.swift */; };
		97D1BEC12C6C9DF400F7A983 /* ChatViewController.swift in Sources */ = {isa = PBXBuildFile; fileRef = 97D1BEB62C6C9DF400F7A983 /* ChatViewController.swift */; };
		97D1BEC22C6C9DF400F7A983 /* FinalConfirmPlanViewController.swift in Sources */ = {isa = PBXBuildFile; fileRef = 97D1BEB72C6C9DF400F7A983 /* FinalConfirmPlanViewController.swift */; };
		97D1BEC32C6C9DF400F7A983 /* MakePlanViewController.swift in Sources */ = {isa = PBXBuildFile; fileRef = 97D1BEB82C6C9DF400F7A983 /* MakePlanViewController.swift */; };
		97D1BEC42C6C9DF400F7A983 /* PlanDateTimeViewController.swift in Sources */ = {isa = PBXBuildFile; fileRef = 97D1BEB92C6C9DF400F7A983 /* PlanDateTimeViewController.swift */; };
		97D1BEC52C6C9DF400F7A983 /* PlanPlaceViewController.swift in Sources */ = {isa = PBXBuildFile; fileRef = 97D1BEBA2C6C9DF400F7A983 /* PlanPlaceViewController.swift */; };
		97FF39462C7D9C4300ABBACA /* Kingfisher in Frameworks */ = {isa = PBXBuildFile; productRef = 97FF39452C7D9C4300ABBACA /* Kingfisher */; };
/* End PBXBuildFile section */

/* Begin PBXFileReference section */
		1543FB262C63113C002E4CC8 /* ChatAdditionalButtonsViewController.swift */ = {isa = PBXFileReference; lastKnownFileType = sourcecode.swift; path = ChatAdditionalButtonsViewController.swift; sourceTree = "<group>"; };
		1543FB2A2C636331002E4CC8 /* ChatAdditionalButtonsViewModel.swift */ = {isa = PBXFileReference; lastKnownFileType = sourcecode.swift; path = ChatAdditionalButtonsViewModel.swift; sourceTree = "<group>"; };
		1543FB2C2C6365A1002E4CC8 /* ChatAdditionalButtonModel.swift */ = {isa = PBXFileReference; lastKnownFileType = sourcecode.swift; path = ChatAdditionalButtonModel.swift; sourceTree = "<group>"; };
		1543FB2E2C636966002E4CC8 /* ChatAdditionalButton.swift */ = {isa = PBXFileReference; lastKnownFileType = sourcecode.swift; path = ChatAdditionalButton.swift; sourceTree = "<group>"; };
		1543FB352C6447C2002E4CC8 /* PhotosUI.framework */ = {isa = PBXFileReference; lastKnownFileType = wrapper.framework; name = PhotosUI.framework; path = System/Library/Frameworks/PhotosUI.framework; sourceTree = SDKROOT; };
		1543FB372C6486CF002E4CC8 /* MakePlanViewController.swift */ = {isa = PBXFileReference; lastKnownFileType = sourcecode.swift; path = MakePlanViewController.swift; sourceTree = "<group>"; };
		1543FB392C64AE9C002E4CC8 /* PlanProgressBar.swift */ = {isa = PBXFileReference; lastKnownFileType = sourcecode.swift; path = PlanProgressBar.swift; sourceTree = "<group>"; };
		1543FB3D2C65DDA3002E4CC8 /* PlanDateTimeViewController.swift */ = {isa = PBXFileReference; lastKnownFileType = sourcecode.swift; path = PlanDateTimeViewController.swift; sourceTree = "<group>"; };
		1543FB3F2C660A10002E4CC8 /* MakePlanViewModel.swift */ = {isa = PBXFileReference; lastKnownFileType = sourcecode.swift; path = MakePlanViewModel.swift; sourceTree = "<group>"; };
		1543FB412C69C1DE002E4CC8 /* PlanPlaceViewController.swift */ = {isa = PBXFileReference; lastKnownFileType = sourcecode.swift; path = PlanPlaceViewController.swift; sourceTree = "<group>"; };
		1543FB432C69E4BB002E4CC8 /* FinalConfirmPlanViewController.swift */ = {isa = PBXFileReference; lastKnownFileType = sourcecode.swift; path = FinalConfirmPlanViewController.swift; sourceTree = "<group>"; };
		156A3B582C749E3900F22B74 /* PlanPlaceDetailViewController.swift */ = {isa = PBXFileReference; lastKnownFileType = sourcecode.swift; path = PlanPlaceDetailViewController.swift; sourceTree = "<group>"; };
		15C820892C775ECB002991DE /* ImageDetailCollectionViewController.swift */ = {isa = PBXFileReference; lastKnownFileType = sourcecode.swift; path = ImageDetailCollectionViewController.swift; sourceTree = "<group>"; };
		15C8208B2C776FA2002991DE /* ImageDetailCollectionViewCell.swift */ = {isa = PBXFileReference; lastKnownFileType = sourcecode.swift; path = ImageDetailCollectionViewCell.swift; sourceTree = "<group>"; };
		15F221A32C758AA300DF285A /* FirestorageManager.swift */ = {isa = PBXFileReference; lastKnownFileType = sourcecode.swift; path = FirestorageManager.swift; sourceTree = "<group>"; };
		15F221A52C75CB5F00DF285A /* ChatMessageTableViewImageCell.swift */ = {isa = PBXFileReference; lastKnownFileType = sourcecode.swift; path = ChatMessageTableViewImageCell.swift; sourceTree = "<group>"; };
		15F221A72C76BBF700DF285A /* ChatMessageTableViewPlanCell.swift */ = {isa = PBXFileReference; lastKnownFileType = sourcecode.swift; path = ChatMessageTableViewPlanCell.swift; sourceTree = "<group>"; };
		15F316342C71FB6C00F30B72 /* ColorExtension.swift */ = {isa = PBXFileReference; lastKnownFileType = sourcecode.swift; path = ColorExtension.swift; sourceTree = "<group>"; };
		15F316362C71FB7D00F30B72 /* UILabelExtension.swift */ = {isa = PBXFileReference; lastKnownFileType = sourcecode.swift; path = UILabelExtension.swift; sourceTree = "<group>"; };
		3B57780A2C733533000643C9 /* ReviewSendTableViewCell.swift */ = {isa = PBXFileReference; lastKnownFileType = sourcecode.swift; path = ReviewSendTableViewCell.swift; sourceTree = "<group>"; };
		3B57780C2C73356E000643C9 /* ReviewPostTableViewCell.swift */ = {isa = PBXFileReference; lastKnownFileType = sourcecode.swift; path = ReviewPostTableViewCell.swift; sourceTree = "<group>"; };
		3B596DF72C6B460A00C71851 /* IntroductionTableCell.swift */ = {isa = PBXFileReference; lastKnownFileType = sourcecode.swift; path = IntroductionTableCell.swift; sourceTree = "<group>"; };
		3B596DF92C6B461200C71851 /* CustomTableCell.swift */ = {isa = PBXFileReference; lastKnownFileType = sourcecode.swift; path = CustomTableCell.swift; sourceTree = "<group>"; };
		3B596DFE2C6B462B00C71851 /* InformationTableCell.swift */ = {isa = PBXFileReference; lastKnownFileType = sourcecode.swift; path = InformationTableCell.swift; sourceTree = "<group>"; };
		3B61C6972C71CB1600337B66 /* SelfIntroductionViewController.swift */ = {isa = PBXFileReference; lastKnownFileType = sourcecode.swift; path = SelfIntroductionViewController.swift; sourceTree = "<group>"; };
		3B61C6992C71DCAD00337B66 /* SelfIntroductionViewModel.swift */ = {isa = PBXFileReference; lastKnownFileType = sourcecode.swift; path = SelfIntroductionViewModel.swift; sourceTree = "<group>"; };
		3B6D2C5D2C69A50F0076B1DA /* ProfileTableViewCell.swift */ = {isa = PBXFileReference; lastKnownFileType = sourcecode.swift; path = ProfileTableViewCell.swift; sourceTree = "<group>"; };
		3B6DE1AB2C72D24B009DD41A /* CareRecordViewController.swift */ = {isa = PBXFileReference; lastKnownFileType = sourcecode.swift; path = CareRecordViewController.swift; sourceTree = "<group>"; };
		3B6DE1AD2C72D457009DD41A /* CareRecordViewModel.swift */ = {isa = PBXFileReference; lastKnownFileType = sourcecode.swift; path = CareRecordViewModel.swift; sourceTree = "<group>"; };
		3B6DE1AF2C72D483009DD41A /* CareRecordTableViewCell.swift */ = {isa = PBXFileReference; lastKnownFileType = sourcecode.swift; path = CareRecordTableViewCell.swift; sourceTree = "<group>"; };
		3B7D8F3C2C75686700008F22 /* WriteReviewViewController.swift */ = {isa = PBXFileReference; lastKnownFileType = sourcecode.swift; path = WriteReviewViewController.swift; sourceTree = "<group>"; };
		3B7D8F3E2C75689C00008F22 /* WriteReviewViewModel.swift */ = {isa = PBXFileReference; lastKnownFileType = sourcecode.swift; path = WriteReviewViewModel.swift; sourceTree = "<group>"; };
		3B7D8F482C75890A00008F22 /* ReceiveReviewViewController.swift */ = {isa = PBXFileReference; lastKnownFileType = sourcecode.swift; path = ReceiveReviewViewController.swift; sourceTree = "<group>"; };
		3B7D8F4A2C75898B00008F22 /* ReceiveReviewViewModel.swift */ = {isa = PBXFileReference; lastKnownFileType = sourcecode.swift; path = ReceiveReviewViewModel.swift; sourceTree = "<group>"; };
		3B7D8F4C2C7589A200008F22 /* ReceiveReviewTableViewCell.swift */ = {isa = PBXFileReference; lastKnownFileType = sourcecode.swift; path = ReceiveReviewTableViewCell.swift; sourceTree = "<group>"; };
		3B8348052C748CD300359E85 /* EditCareProviderViewModel.swift */ = {isa = PBXFileReference; fileEncoding = 4; lastKnownFileType = sourcecode.swift; path = EditCareProviderViewModel.swift; sourceTree = "<group>"; };
		3B8348062C748CD300359E85 /* EditCareSeekerViewModel.swift */ = {isa = PBXFileReference; fileEncoding = 4; lastKnownFileType = sourcecode.swift; path = EditCareSeekerViewModel.swift; sourceTree = "<group>"; };
		3B8348072C748CD300359E85 /* AddCareSeekerViewModel.swift */ = {isa = PBXFileReference; fileEncoding = 4; lastKnownFileType = sourcecode.swift; path = AddCareSeekerViewModel.swift; sourceTree = "<group>"; };
		3B8348082C748CD300359E85 /* AddCareProviderViewModel.swift */ = {isa = PBXFileReference; fileEncoding = 4; lastKnownFileType = sourcecode.swift; path = AddCareProviderViewModel.swift; sourceTree = "<group>"; };
		3B8348092C748CD300359E85 /* MainPostListViewModel.swift */ = {isa = PBXFileReference; fileEncoding = 4; lastKnownFileType = sourcecode.swift; path = MainPostListViewModel.swift; sourceTree = "<group>"; };
		3B8348112C74BF6600359E85 /* LeavePlantListViewController.swift */ = {isa = PBXFileReference; lastKnownFileType = sourcecode.swift; path = LeavePlantListViewController.swift; sourceTree = "<group>"; };
		3B8348132C74C0F800359E85 /* LeavePlantListModel.swift */ = {isa = PBXFileReference; lastKnownFileType = sourcecode.swift; path = LeavePlantListModel.swift; sourceTree = "<group>"; };
		3BAD24622C77340E004C2DBA /* ServiceViewController.swift */ = {isa = PBXFileReference; lastKnownFileType = sourcecode.swift; path = ServiceViewController.swift; sourceTree = "<group>"; };
		3BAD24652C773DD0004C2DBA /* LocationServiceViewController.swift */ = {isa = PBXFileReference; lastKnownFileType = sourcecode.swift; path = LocationServiceViewController.swift; sourceTree = "<group>"; };
		3BAD24672C773E2A004C2DBA /* PersonalinfomationViewController.swift */ = {isa = PBXFileReference; lastKnownFileType = sourcecode.swift; path = PersonalinfomationViewController.swift; sourceTree = "<group>"; };
		4F822E812C79FC9D007402CB /* FullScreenImageViewController.swift */ = {isa = PBXFileReference; lastKnownFileType = sourcecode.swift; path = FullScreenImageViewController.swift; sourceTree = "<group>"; };
		4F822E832C79FE6F007402CB /* FullScreenPageViewController.swift */ = {isa = PBXFileReference; lastKnownFileType = sourcecode.swift; path = FullScreenPageViewController.swift; sourceTree = "<group>"; };
		4F822E9C2C7F243A007402CB /* SearchPostViewController.swift */ = {isa = PBXFileReference; lastKnownFileType = sourcecode.swift; path = SearchPostViewController.swift; sourceTree = "<group>"; };
		4F822E9E2C7F2472007402CB /* SearchPostViewModel.swift */ = {isa = PBXFileReference; lastKnownFileType = sourcecode.swift; path = SearchPostViewModel.swift; sourceTree = "<group>"; };
		4FCE70052C76098500279774 /* MainPostListViewController.swift */ = {isa = PBXFileReference; fileEncoding = 4; lastKnownFileType = sourcecode.swift; path = MainPostListViewController.swift; sourceTree = "<group>"; };
		4FCE70062C76098500279774 /* EditCareSeekerViewController.swift */ = {isa = PBXFileReference; fileEncoding = 4; lastKnownFileType = sourcecode.swift; path = EditCareSeekerViewController.swift; sourceTree = "<group>"; };
		4FCE70092C76098500279774 /* AddPostViewController.swift */ = {isa = PBXFileReference; fileEncoding = 4; lastKnownFileType = sourcecode.swift; path = AddPostViewController.swift; sourceTree = "<group>"; };
		4FCE700A2C76098500279774 /* EditCareProviderViewController.swift */ = {isa = PBXFileReference; fileEncoding = 4; lastKnownFileType = sourcecode.swift; path = EditCareProviderViewController.swift; sourceTree = "<group>"; };
		4FCE700B2C76098500279774 /* PostDetailViewController.swift */ = {isa = PBXFileReference; fileEncoding = 4; lastKnownFileType = sourcecode.swift; path = PostDetailViewController.swift; sourceTree = "<group>"; };
		4FE125992C80116000C57C16 /* APPKey.plist */ = {isa = PBXFileReference; fileEncoding = 4; lastKnownFileType = text.plist.xml; name = APPKey.plist; path = GreenSitter/APPKey.plist; sourceTree = SOURCE_ROOT; };
		4FE1259B2C8011B500C57C16 /* APPKey.plist */ = {isa = PBXFileReference; fileEncoding = 4; lastKnownFileType = text.plist.xml; path = APPKey.plist; sourceTree = "<group>"; };
		580820572C79BEFF00904201 /* GoogleService-Info.plist */ = {isa = PBXFileReference; fileEncoding = 4; lastKnownFileType = text.plist.xml; path = "GoogleService-Info.plist"; sourceTree = "<group>"; };
		582F5D042C64856F00141938 /* SampleChatData.swift */ = {isa = PBXFileReference; lastKnownFileType = sourcecode.swift; path = SampleChatData.swift; sourceTree = "<group>"; };
		582F5D062C64935500141938 /* ChatTableViewCell.swift */ = {isa = PBXFileReference; lastKnownFileType = sourcecode.swift; path = ChatTableViewCell.swift; sourceTree = "<group>"; };
		582F5D0D2C68C3D800141938 /* ChatListViewModel.swift */ = {isa = PBXFileReference; lastKnownFileType = sourcecode.swift; path = ChatListViewModel.swift; sourceTree = "<group>"; };
		582F5D122C68D2F000141938 /* FirestoreManager.swift */ = {isa = PBXFileReference; lastKnownFileType = sourcecode.swift; path = FirestoreManager.swift; sourceTree = "<group>"; };
		582F5D162C6900B900141938 /* PostViewModel.swift */ = {isa = PBXFileReference; lastKnownFileType = sourcecode.swift; path = PostViewModel.swift; sourceTree = "<group>"; };
		582F5D182C69ABF800141938 /* DataManager.swift */ = {isa = PBXFileReference; lastKnownFileType = sourcecode.swift; path = DataManager.swift; sourceTree = "<group>"; };
		582F5D1A2C69EA9A00141938 /* ChatViewController.swift */ = {isa = PBXFileReference; lastKnownFileType = sourcecode.swift; path = ChatViewController.swift; sourceTree = "<group>"; };
		582F5D1C2C69EAA700141938 /* ChatViewModel.swift */ = {isa = PBXFileReference; lastKnownFileType = sourcecode.swift; path = ChatViewModel.swift; sourceTree = "<group>"; };
		58E7821F2C6C2F4B00572554 /* ChatPostViewController.swift */ = {isa = PBXFileReference; lastKnownFileType = sourcecode.swift; path = ChatPostViewController.swift; sourceTree = "<group>"; };
		58E782212C6C36FB00572554 /* PostDetailViewController.swift */ = {isa = PBXFileReference; lastKnownFileType = sourcecode.swift; path = PostDetailViewController.swift; sourceTree = "<group>"; };
		58E782232C6C4F5300572554 /* ChatMessageViewController.swift */ = {isa = PBXFileReference; lastKnownFileType = sourcecode.swift; path = ChatMessageViewController.swift; sourceTree = "<group>"; };
		58F68FE82C7217AB00A7F564 /* MessageInputViewController.swift */ = {isa = PBXFileReference; lastKnownFileType = sourcecode.swift; path = MessageInputViewController.swift; sourceTree = "<group>"; };
		58F68FEA2C72273700A7F564 /* ChatMessageTableViewCell.swift */ = {isa = PBXFileReference; lastKnownFileType = sourcecode.swift; path = ChatMessageTableViewCell.swift; sourceTree = "<group>"; };
		974FF2512C6C5BA5009277B9 /* SearchMapDetailViewController.swift */ = {isa = PBXFileReference; lastKnownFileType = sourcecode.swift; path = SearchMapDetailViewController.swift; sourceTree = "<group>"; };
		977A52B22C69A84500E375F1 /* AnnotationDetailViewController.swift */ = {isa = PBXFileReference; lastKnownFileType = sourcecode.swift; path = AnnotationDetailViewController.swift; sourceTree = "<group>"; };
		97934DD12C62F3C600B38E0A /* GreenSitter.app */ = {isa = PBXFileReference; explicitFileType = wrapper.application; includeInIndex = 0; path = GreenSitter.app; sourceTree = BUILT_PRODUCTS_DIR; };
		97934DD42C62F3C600B38E0A /* AppDelegate.swift */ = {isa = PBXFileReference; lastKnownFileType = sourcecode.swift; path = AppDelegate.swift; sourceTree = "<group>"; };
		97934DD62C62F3C600B38E0A /* SceneDelegate.swift */ = {isa = PBXFileReference; lastKnownFileType = sourcecode.swift; path = SceneDelegate.swift; sourceTree = "<group>"; };
		97934DD82C62F3C600B38E0A /* ViewController.swift */ = {isa = PBXFileReference; lastKnownFileType = sourcecode.swift; path = ViewController.swift; sourceTree = "<group>"; };
		97934DDD2C62F3C800B38E0A /* Assets.xcassets */ = {isa = PBXFileReference; lastKnownFileType = folder.assetcatalog; path = Assets.xcassets; sourceTree = "<group>"; };
		97934DE02C62F3C800B38E0A /* Base */ = {isa = PBXFileReference; lastKnownFileType = file.storyboard; name = Base; path = Base.lproj/LaunchScreen.storyboard; sourceTree = "<group>"; };
		97934DE22C62F3C800B38E0A /* Info.plist */ = {isa = PBXFileReference; lastKnownFileType = text.plist.xml; path = Info.plist; sourceTree = "<group>"; };
		97934DFA2C62F87D00B38E0A /* User.swift */ = {isa = PBXFileReference; lastKnownFileType = sourcecode.swift; path = User.swift; sourceTree = "<group>"; };
		97934DFC2C62F88600B38E0A /* Review.swift */ = {isa = PBXFileReference; lastKnownFileType = sourcecode.swift; path = Review.swift; sourceTree = "<group>"; };
		97934DFE2C62F88B00B38E0A /* Post.swift */ = {isa = PBXFileReference; lastKnownFileType = sourcecode.swift; path = Post.swift; sourceTree = "<group>"; };
		97934E002C62F89200B38E0A /* ChatRoom.swift */ = {isa = PBXFileReference; lastKnownFileType = sourcecode.swift; path = ChatRoom.swift; sourceTree = "<group>"; };
		97934E022C62F89700B38E0A /* Message.swift */ = {isa = PBXFileReference; lastKnownFileType = sourcecode.swift; path = Message.swift; sourceTree = "<group>"; };
		97934E042C62F89F00B38E0A /* LevelPoint.swift */ = {isa = PBXFileReference; lastKnownFileType = sourcecode.swift; path = LevelPoint.swift; sourceTree = "<group>"; };
		97934E142C62F8DF00B38E0A /* SearchMapViewModel.swift */ = {isa = PBXFileReference; lastKnownFileType = sourcecode.swift; path = SearchMapViewModel.swift; sourceTree = "<group>"; };
		97934E162C62F8E300B38E0A /* PlaceListViewModel.swift */ = {isa = PBXFileReference; lastKnownFileType = sourcecode.swift; path = PlaceListViewModel.swift; sourceTree = "<group>"; };
		97934E182C62F8E700B38E0A /* ReviewListViewModel.swift */ = {isa = PBXFileReference; lastKnownFileType = sourcecode.swift; path = ReviewListViewModel.swift; sourceTree = "<group>"; };
		97934E1C2C62F8F000B38E0A /* ReviewViewModel.swift */ = {isa = PBXFileReference; lastKnownFileType = sourcecode.swift; path = ReviewViewModel.swift; sourceTree = "<group>"; };
		97934E202C62FAC300B38E0A /* Location.swift */ = {isa = PBXFileReference; lastKnownFileType = sourcecode.swift; path = Location.swift; sourceTree = "<group>"; };
		97934E222C62FAC800B38E0A /* Plan.swift */ = {isa = PBXFileReference; lastKnownFileType = sourcecode.swift; path = Plan.swift; sourceTree = "<group>"; };
		97934E242C62FACE00B38E0A /* Contract.swift */ = {isa = PBXFileReference; lastKnownFileType = sourcecode.swift; path = Contract.swift; sourceTree = "<group>"; };
		97934E2A2C62FE0F00B38E0A /* SearchMapViewController.swift */ = {isa = PBXFileReference; lastKnownFileType = sourcecode.swift; path = SearchMapViewController.swift; sourceTree = "<group>"; };
		97934E2C2C62FE1900B38E0A /* PlaceListViewController.swift */ = {isa = PBXFileReference; lastKnownFileType = sourcecode.swift; path = PlaceListViewController.swift; sourceTree = "<group>"; };
		97934E2E2C62FE2500B38E0A /* ReviewListViewController.swift */ = {isa = PBXFileReference; lastKnownFileType = sourcecode.swift; path = ReviewListViewController.swift; sourceTree = "<group>"; };
		97934E322C62FE3400B38E0A /* ReviewViewController.swift */ = {isa = PBXFileReference; lastKnownFileType = sourcecode.swift; path = ReviewViewController.swift; sourceTree = "<group>"; };
		97934E382C62FF9200B38E0A /* LoginViewController.swift */ = {isa = PBXFileReference; lastKnownFileType = sourcecode.swift; path = LoginViewController.swift; sourceTree = "<group>"; };
		97934E3A2C62FFA800B38E0A /* ProfileViewController.swift */ = {isa = PBXFileReference; lastKnownFileType = sourcecode.swift; path = ProfileViewController.swift; sourceTree = "<group>"; };
		97934E402C62FFDB00B38E0A /* CareFinderMapViewController.swift */ = {isa = PBXFileReference; lastKnownFileType = sourcecode.swift; path = CareFinderMapViewController.swift; sourceTree = "<group>"; };
		97934E422C63003C00B38E0A /* Colors.swift */ = {isa = PBXFileReference; lastKnownFileType = sourcecode.swift; path = Colors.swift; sourceTree = "<group>"; };
		97934E592C65EDBD00B38E0A /* MapViewController.swift */ = {isa = PBXFileReference; lastKnownFileType = sourcecode.swift; path = MapViewController.swift; sourceTree = "<group>"; };
		97934E652C68614E00B38E0A /* CustomAnnotation.swift */ = {isa = PBXFileReference; lastKnownFileType = sourcecode.swift; path = CustomAnnotation.swift; sourceTree = "<group>"; };
		97B4E8922C6AE6AA0028BE1F /* KakaoAPIService.swift */ = {isa = PBXFileReference; lastKnownFileType = sourcecode.swift; path = KakaoAPIService.swift; sourceTree = "<group>"; };
		97B4E8942C6AF0FB0028BE1F /* MapViewModel.swift */ = {isa = PBXFileReference; lastKnownFileType = sourcecode.swift; path = MapViewModel.swift; sourceTree = "<group>"; };
		97BC0DE12C747A9800F4D0B4 /* PostDetailViewModel.swift */ = {isa = PBXFileReference; fileEncoding = 4; lastKnownFileType = sourcecode.swift; path = PostDetailViewModel.swift; sourceTree = "<group>"; };
		97BC0DE32C747A9800F4D0B4 /* AddPostViewModel.swift */ = {isa = PBXFileReference; fileEncoding = 4; lastKnownFileType = sourcecode.swift; path = AddPostViewModel.swift; sourceTree = "<group>"; };
		97BC0DE42C747A9800F4D0B4 /* EditPostViewModel.swift */ = {isa = PBXFileReference; fileEncoding = 4; lastKnownFileType = sourcecode.swift; path = EditPostViewModel.swift; sourceTree = "<group>"; };
		97BC0DEF2C75BCCF00F4D0B4 /* EditPostViewController.swift */ = {isa = PBXFileReference; fileEncoding = 4; lastKnownFileType = sourcecode.swift; path = EditPostViewController.swift; sourceTree = "<group>"; };
		97BC0DF02C75BCCF00F4D0B4 /* PostDetailViewController.swift */ = {isa = PBXFileReference; fileEncoding = 4; lastKnownFileType = sourcecode.swift; path = PostDetailViewController.swift; sourceTree = "<group>"; };
		97BC0DF12C75BCCF00F4D0B4 /* MainPostListViewController.swift */ = {isa = PBXFileReference; fileEncoding = 4; lastKnownFileType = sourcecode.swift; path = MainPostListViewController.swift; sourceTree = "<group>"; };
		97BC0DF52C75BCCF00F4D0B4 /* AddPostViewController.swift */ = {isa = PBXFileReference; fileEncoding = 4; lastKnownFileType = sourcecode.swift; path = AddPostViewController.swift; sourceTree = "<group>"; };
		97BC0DFD2C75D26700F4D0B4 /* PostTableViewCell.swift */ = {isa = PBXFileReference; lastKnownFileType = sourcecode.swift; path = PostTableViewCell.swift; sourceTree = "<group>"; };
		97BC0DFF2C76F40600F4D0B4 /* MainPostListViewModel.swift */ = {isa = PBXFileReference; lastKnownFileType = sourcecode.swift; path = MainPostListViewModel.swift; sourceTree = "<group>"; };
		97D1BE3E2C6C7F0500F7A983 /* LoginViewController.swift */ = {isa = PBXFileReference; fileEncoding = 4; lastKnownFileType = sourcecode.swift; path = LoginViewController.swift; sourceTree = "<group>"; };
		97D1BE3F2C6C7F0500F7A983 /* SetProfileViewController.swift */ = {isa = PBXFileReference; fileEncoding = 4; lastKnownFileType = sourcecode.swift; path = SetProfileViewController.swift; sourceTree = "<group>"; };
		97D1BE402C6C7F0500F7A983 /* SetLocationViewController.swift */ = {isa = PBXFileReference; fileEncoding = 4; lastKnownFileType = sourcecode.swift; path = SetLocationViewController.swift; sourceTree = "<group>"; };
		97D1BE462C6C7F8800F7A983 /* LoginViewModel.swift */ = {isa = PBXFileReference; lastKnownFileType = sourcecode.swift; path = LoginViewModel.swift; sourceTree = "<group>"; };
		97D1BE622C6C8B7D00F7A983 /* AboutMeTableViewModel.swift */ = {isa = PBXFileReference; fileEncoding = 4; lastKnownFileType = sourcecode.swift; path = AboutMeTableViewModel.swift; sourceTree = "<group>"; };
		97D1BE632C6C8B7D00F7A983 /* AboutMeViewModel.swift */ = {isa = PBXFileReference; fileEncoding = 4; lastKnownFileType = sourcecode.swift; path = AboutMeViewModel.swift; sourceTree = "<group>"; };
		97D1BE642C6C8B7D00F7A983 /* NincknameViewModel.swift */ = {isa = PBXFileReference; fileEncoding = 4; lastKnownFileType = sourcecode.swift; path = NincknameViewModel.swift; sourceTree = "<group>"; };
		97D1BE652C6C8B7D00F7A983 /* ProfileImageViewModel.swift */ = {isa = PBXFileReference; fileEncoding = 4; lastKnownFileType = sourcecode.swift; path = ProfileImageViewModel.swift; sourceTree = "<group>"; };
		97D1BE662C6C8B7D00F7A983 /* ProfileTableViewModel.swift */ = {isa = PBXFileReference; fileEncoding = 4; lastKnownFileType = sourcecode.swift; path = ProfileTableViewModel.swift; sourceTree = "<group>"; };
		97D1BE672C6C8B7D00F7A983 /* ProfileViewModel.swift */ = {isa = PBXFileReference; fileEncoding = 4; lastKnownFileType = sourcecode.swift; path = ProfileViewModel.swift; sourceTree = "<group>"; };
		97D1BE6F2C6C8BB900F7A983 /* ChatAdditionalButton.swift */ = {isa = PBXFileReference; fileEncoding = 4; lastKnownFileType = sourcecode.swift; path = ChatAdditionalButton.swift; sourceTree = "<group>"; };
		97D1BE702C6C8BB900F7A983 /* PlanProgressBar.swift */ = {isa = PBXFileReference; fileEncoding = 4; lastKnownFileType = sourcecode.swift; path = PlanProgressBar.swift; sourceTree = "<group>"; };
		97D1BE722C6C8BB900F7A983 /* ChatAdditionalButtonsViewModel.swift */ = {isa = PBXFileReference; fileEncoding = 4; lastKnownFileType = sourcecode.swift; path = ChatAdditionalButtonsViewModel.swift; sourceTree = "<group>"; };
		97D1BE732C6C8BB900F7A983 /* MakePlanViewModel.swift */ = {isa = PBXFileReference; fileEncoding = 4; lastKnownFileType = sourcecode.swift; path = MakePlanViewModel.swift; sourceTree = "<group>"; };
		97D1BE752C6C8BB900F7A983 /* ChatAdditionalButtonModel.swift */ = {isa = PBXFileReference; fileEncoding = 4; lastKnownFileType = sourcecode.swift; path = ChatAdditionalButtonModel.swift; sourceTree = "<group>"; };
		97D1BE932C6C93A100F7A983 /* FirestoreManager.swift */ = {isa = PBXFileReference; fileEncoding = 4; lastKnownFileType = sourcecode.swift; path = FirestoreManager.swift; sourceTree = "<group>"; };
		97D1BE942C6C93A100F7A983 /* ChatViewModel.swift */ = {isa = PBXFileReference; fileEncoding = 4; lastKnownFileType = sourcecode.swift; path = ChatViewModel.swift; sourceTree = "<group>"; };
		97D1BE992C6C93CD00F7A983 /* AboutMeViewController.swift */ = {isa = PBXFileReference; fileEncoding = 4; lastKnownFileType = sourcecode.swift; path = AboutMeViewController.swift; sourceTree = "<group>"; };
		97D1BE9A2C6C93CD00F7A983 /* NicknameViewController.swift */ = {isa = PBXFileReference; fileEncoding = 4; lastKnownFileType = sourcecode.swift; path = NicknameViewController.swift; sourceTree = "<group>"; };
		97D1BE9B2C6C93CD00F7A983 /* ProfileViewController.swift */ = {isa = PBXFileReference; fileEncoding = 4; lastKnownFileType = sourcecode.swift; path = ProfileViewController.swift; sourceTree = "<group>"; };
		97D1BEA22C6C93FA00F7A983 /* PostListViewController.swift */ = {isa = PBXFileReference; fileEncoding = 4; lastKnownFileType = sourcecode.swift; path = PostListViewController.swift; sourceTree = "<group>"; };
		97D1BEA62C6C954100F7A983 /* DataManager.swift */ = {isa = PBXFileReference; fileEncoding = 4; lastKnownFileType = sourcecode.swift; path = DataManager.swift; sourceTree = "<group>"; };
		97D1BEA72C6C954100F7A983 /* SampleChatData.swift */ = {isa = PBXFileReference; fileEncoding = 4; lastKnownFileType = sourcecode.swift; path = SampleChatData.swift; sourceTree = "<group>"; };
		97D1BEAE2C6C9DB100F7A983 /* BundleExtension.swift */ = {isa = PBXFileReference; fileEncoding = 4; lastKnownFileType = sourcecode.swift; path = BundleExtension.swift; sourceTree = "<group>"; };
		97D1BEB02C6C9DDD00F7A983 /* GreenSitter.entitlements */ = {isa = PBXFileReference; fileEncoding = 4; lastKnownFileType = text.plist.entitlements; path = GreenSitter.entitlements; sourceTree = "<group>"; };
		97D1BEB12C6C9DF400F7A983 /* ChatAdditionalButtonsViewController.swift */ = {isa = PBXFileReference; fileEncoding = 4; lastKnownFileType = sourcecode.swift; path = ChatAdditionalButtonsViewController.swift; sourceTree = "<group>"; };
		97D1BEB22C6C9DF400F7A983 /* ChatListViewController.swift */ = {isa = PBXFileReference; fileEncoding = 4; lastKnownFileType = sourcecode.swift; path = ChatListViewController.swift; sourceTree = "<group>"; };
		97D1BEB32C6C9DF400F7A983 /* ChatMessageViewController.swift */ = {isa = PBXFileReference; fileEncoding = 4; lastKnownFileType = sourcecode.swift; path = ChatMessageViewController.swift; sourceTree = "<group>"; };
		97D1BEB42C6C9DF400F7A983 /* ChatPostViewController.swift */ = {isa = PBXFileReference; fileEncoding = 4; lastKnownFileType = sourcecode.swift; path = ChatPostViewController.swift; sourceTree = "<group>"; };
		97D1BEB52C6C9DF400F7A983 /* ChatTableViewCell.swift */ = {isa = PBXFileReference; fileEncoding = 4; lastKnownFileType = sourcecode.swift; path = ChatTableViewCell.swift; sourceTree = "<group>"; };
		97D1BEB62C6C9DF400F7A983 /* ChatViewController.swift */ = {isa = PBXFileReference; fileEncoding = 4; lastKnownFileType = sourcecode.swift; path = ChatViewController.swift; sourceTree = "<group>"; };
		97D1BEB72C6C9DF400F7A983 /* FinalConfirmPlanViewController.swift */ = {isa = PBXFileReference; fileEncoding = 4; lastKnownFileType = sourcecode.swift; path = FinalConfirmPlanViewController.swift; sourceTree = "<group>"; };
		97D1BEB82C6C9DF400F7A983 /* MakePlanViewController.swift */ = {isa = PBXFileReference; fileEncoding = 4; lastKnownFileType = sourcecode.swift; path = MakePlanViewController.swift; sourceTree = "<group>"; };
		97D1BEB92C6C9DF400F7A983 /* PlanDateTimeViewController.swift */ = {isa = PBXFileReference; fileEncoding = 4; lastKnownFileType = sourcecode.swift; path = PlanDateTimeViewController.swift; sourceTree = "<group>"; };
		97D1BEBA2C6C9DF400F7A983 /* PlanPlaceViewController.swift */ = {isa = PBXFileReference; fileEncoding = 4; lastKnownFileType = sourcecode.swift; path = PlanPlaceViewController.swift; sourceTree = "<group>"; };
/* End PBXFileReference section */

/* Begin PBXFrameworksBuildPhase section */
		97934DCE2C62F3C600B38E0A /* Frameworks */ = {
			isa = PBXFrameworksBuildPhase;
			buildActionMask = 2147483647;
			files = (
				9731BD292C78544C001B6A44 /* FirebaseStorage in Frameworks */,
				9731BD282C78544C001B6A44 /* FirebaseMessaging in Frameworks */,
				97FF39462C7D9C4300ABBACA /* Kingfisher in Frameworks */,
				9731BD272C78544C001B6A44 /* FirebaseFirestore in Frameworks */,
				9731BD262C78544C001B6A44 /* FirebaseAuth in Frameworks */,
				9731BD252C78544C001B6A44 /* GoogleSignInSwift in Frameworks */,
				9731BD242C78544C001B6A44 /* GoogleSignIn in Frameworks */,
			);
			runOnlyForDeploymentPostprocessing = 0;
		};
/* End PBXFrameworksBuildPhase section */

/* Begin PBXGroup section */
		1543FB342C6447C2002E4CC8 /* Frameworks */ = {
			isa = PBXGroup;
			children = (
				1543FB352C6447C2002E4CC8 /* PhotosUI.framework */,
			);
			name = Frameworks;
			sourceTree = "<group>";
		};
		15F3162F2C71F9B500F30B72 /* Plan */ = {
			isa = PBXGroup;
			children = (
				15F316302C71F9CF00F30B72 /* Views */,
				15F316312C71F9E200F30B72 /* ViewModels */,
				97D1BE712C6C8BB900F7A983 /* CustomComponents */,
			);
			path = Plan;
			sourceTree = "<group>";
		};
		15F316302C71F9CF00F30B72 /* Views */ = {
			isa = PBXGroup;
			children = (
				97D1BEBA2C6C9DF400F7A983 /* PlanPlaceViewController.swift */,
				97D1BEB92C6C9DF400F7A983 /* PlanDateTimeViewController.swift */,
				97D1BEB82C6C9DF400F7A983 /* MakePlanViewController.swift */,
				97D1BEB72C6C9DF400F7A983 /* FinalConfirmPlanViewController.swift */,
				156A3B582C749E3900F22B74 /* PlanPlaceDetailViewController.swift */,
			);
			path = Views;
			sourceTree = "<group>";
		};
		15F316312C71F9E200F30B72 /* ViewModels */ = {
			isa = PBXGroup;
			children = (
				97D1BE732C6C8BB900F7A983 /* MakePlanViewModel.swift */,
			);
			path = ViewModels;
			sourceTree = "<group>";
		};
		15F316322C71FA1C00F30B72 /* CustomComponents */ = {
			isa = PBXGroup;
			children = (
				97D1BE6F2C6C8BB900F7A983 /* ChatAdditionalButton.swift */,
			);
			path = CustomComponents;
			sourceTree = "<group>";
		};
		15F316332C71FB4B00F30B72 /* Extensions */ = {
			isa = PBXGroup;
			children = (
				97D1BEAE2C6C9DB100F7A983 /* BundleExtension.swift */,
				15F316342C71FB6C00F30B72 /* ColorExtension.swift */,
				15F316362C71FB7D00F30B72 /* UILabelExtension.swift */,
			);
			path = Extensions;
			sourceTree = "<group>";
		};
		3B596DF62C6B45B400C71851 /* ProfileCell */ = {
			isa = PBXGroup;
			children = (
				3B6D2C5D2C69A50F0076B1DA /* ProfileTableViewCell.swift */,
				3B596DF72C6B460A00C71851 /* IntroductionTableCell.swift */,
				3B596DF92C6B461200C71851 /* CustomTableCell.swift */,
				3B596DFE2C6B462B00C71851 /* InformationTableCell.swift */,
				3B6DE1AF2C72D483009DD41A /* CareRecordTableViewCell.swift */,
				3B57780A2C733533000643C9 /* ReviewSendTableViewCell.swift */,
				3B57780C2C73356E000643C9 /* ReviewPostTableViewCell.swift */,
				3B7D8F4C2C7589A200008F22 /* ReceiveReviewTableViewCell.swift */,
			);
			path = ProfileCell;
			sourceTree = "<group>";
		};
		3BAD24642C77347A004C2DBA /* WebView */ = {
			isa = PBXGroup;
			children = (
				3BAD24622C77340E004C2DBA /* ServiceViewController.swift */,
				3BAD24652C773DD0004C2DBA /* LocationServiceViewController.swift */,
				3BAD24672C773E2A004C2DBA /* PersonalinfomationViewController.swift */,
			);
			path = WebView;
			sourceTree = "<group>";
		};
		97934DC82C62F3C600B38E0A = {
			isa = PBXGroup;
			children = (
				97934DD32C62F3C600B38E0A /* GreenSitter */,
				97934DD22C62F3C600B38E0A /* Products */,
				1543FB342C6447C2002E4CC8 /* Frameworks */,
				97D1BE612C6C8B1B00F7A983 /* Recovered References */,
			);
			sourceTree = "<group>";
		};
		97934DD22C62F3C600B38E0A /* Products */ = {
			isa = PBXGroup;
			children = (
				97934DD12C62F3C600B38E0A /* GreenSitter.app */,
			);
			name = Products;
			sourceTree = "<group>";
		};
		97934DD32C62F3C600B38E0A /* GreenSitter */ = {
			isa = PBXGroup;
			children = (
				97D1BEB02C6C9DDD00F7A983 /* GreenSitter.entitlements */,
				4FE1259B2C8011B500C57C16 /* APPKey.plist */,
				4FE125992C80116000C57C16 /* APPKey.plist */,
				580820572C79BEFF00904201 /* GoogleService-Info.plist */,
				97934DD42C62F3C600B38E0A /* AppDelegate.swift */,
				97934DD62C62F3C600B38E0A /* SceneDelegate.swift */,
				97934DD82C62F3C600B38E0A /* ViewController.swift */,
				97934DE82C62F70C00B38E0A /* Common */,
				97934DEC2C62F75300B38E0A /* Services */,
				97934DED2C62F75900B38E0A /* Login */,
				97934DEE2C62F75F00B38E0A /* Profile */,
				97D1BE582C6C847600F7A983 /* Post */,
				97934DF12C62F77500B38E0A /* Map */,
				15F316332C71FB4B00F30B72 /* Extensions */,
				97934DF22C62F77F00B38E0A /* Resources */,
				97934DDD2C62F3C800B38E0A /* Assets.xcassets */,
				97934DDF2C62F3C800B38E0A /* LaunchScreen.storyboard */,
				97934DE22C62F3C800B38E0A /* Info.plist */,
			);
			path = GreenSitter;
			sourceTree = "<group>";
		};
		97934DE82C62F70C00B38E0A /* Common */ = {
			isa = PBXGroup;
			children = (
				97934DE92C62F72F00B38E0A /* Models */,
				97934DEA2C62F73A00B38E0A /* Views */,
				97934DEB2C62F74600B38E0A /* ViewModels */,
			);
			path = Common;
			sourceTree = "<group>";
		};
		97934DE92C62F72F00B38E0A /* Models */ = {
			isa = PBXGroup;
			children = (
				97934DFA2C62F87D00B38E0A /* User.swift */,
				97934DFC2C62F88600B38E0A /* Review.swift */,
				97934DFE2C62F88B00B38E0A /* Post.swift */,
				97934E002C62F89200B38E0A /* ChatRoom.swift */,
				97934E022C62F89700B38E0A /* Message.swift */,
				97934E042C62F89F00B38E0A /* LevelPoint.swift */,
				97934E202C62FAC300B38E0A /* Location.swift */,
				97934E222C62FAC800B38E0A /* Plan.swift */,
				97934E242C62FACE00B38E0A /* Contract.swift */,
			);
			path = Models;
			sourceTree = "<group>";
		};
		97934DEA2C62F73A00B38E0A /* Views */ = {
			isa = PBXGroup;
			children = (
				97934E2A2C62FE0F00B38E0A /* SearchMapViewController.swift */,
				974FF2512C6C5BA5009277B9 /* SearchMapDetailViewController.swift */,
				97934E2C2C62FE1900B38E0A /* PlaceListViewController.swift */,
				97934E2E2C62FE2500B38E0A /* ReviewListViewController.swift */,
				97934E322C62FE3400B38E0A /* ReviewViewController.swift */,
			);
			path = Views;
			sourceTree = "<group>";
		};
		97934DEB2C62F74600B38E0A /* ViewModels */ = {
			isa = PBXGroup;
			children = (
				97B4E8942C6AF0FB0028BE1F /* MapViewModel.swift */,
				97934E142C62F8DF00B38E0A /* SearchMapViewModel.swift */,
				97934E162C62F8E300B38E0A /* PlaceListViewModel.swift */,
				97934E182C62F8E700B38E0A /* ReviewListViewModel.swift */,
				97934E1C2C62F8F000B38E0A /* ReviewViewModel.swift */,
			);
			path = ViewModels;
			sourceTree = "<group>";
		};
		97934DEC2C62F75300B38E0A /* Services */ = {
			isa = PBXGroup;
			children = (
				97B4E8922C6AE6AA0028BE1F /* KakaoAPIService.swift */,
			);
			path = Services;
			sourceTree = "<group>";
		};
		97934DED2C62F75900B38E0A /* Login */ = {
			isa = PBXGroup;
			children = (
				97D1BE4A2C6C803F00F7A983 /* View */,
				97D1BE492C6C803F00F7A983 /* ViewModels */,
			);
			path = Login;
			sourceTree = "<group>";
		};
		97934DEE2C62F75F00B38E0A /* Profile */ = {
			isa = PBXGroup;
			children = (
				97D1BE9C2C6C93CD00F7A983 /* View */,
				97D1BE682C6C8B7D00F7A983 /* ViewModels */,
				3B596DF62C6B45B400C71851 /* ProfileCell */,
			);
			path = Profile;
			sourceTree = "<group>";
		};
		97934DF12C62F77500B38E0A /* Map */ = {
			isa = PBXGroup;
			children = (
				97934E502C6345AC00B38E0A /* Views */,
			);
			path = Map;
			sourceTree = "<group>";
		};
		97934DF22C62F77F00B38E0A /* Resources */ = {
			isa = PBXGroup;
			children = (
				97934E422C63003C00B38E0A /* Colors.swift */,
			);
			path = Resources;
			sourceTree = "<group>";
		};
		97934E502C6345AC00B38E0A /* Views */ = {
			isa = PBXGroup;
			children = (
				97934E592C65EDBD00B38E0A /* MapViewController.swift */,
				97934E652C68614E00B38E0A /* CustomAnnotation.swift */,
				977A52B22C69A84500E375F1 /* AnnotationDetailViewController.swift */,
			);
			path = Views;
			sourceTree = "<group>";
		};
		97D1BE492C6C803F00F7A983 /* ViewModels */ = {
			isa = PBXGroup;
			children = (
				97D1BE462C6C7F8800F7A983 /* LoginViewModel.swift */,
			);
			path = ViewModels;
			sourceTree = "<group>";
		};
		97D1BE4A2C6C803F00F7A983 /* View */ = {
			isa = PBXGroup;
			children = (
				97D1BE3E2C6C7F0500F7A983 /* LoginViewController.swift */,
				97D1BE402C6C7F0500F7A983 /* SetLocationViewController.swift */,
				97D1BE3F2C6C7F0500F7A983 /* SetProfileViewController.swift */,
			);
			path = View;
			sourceTree = "<group>";
		};
		97D1BE502C6C847600F7A983 /* Chat */ = {
			isa = PBXGroup;
			children = (
				97D1BE762C6C8BB900F7A983 /* Models */,
				97D1BEBB2C6C9DF400F7A983 /* Views */,
				97D1BE742C6C8BB900F7A983 /* ViewModels */,
				15F316322C71FA1C00F30B72 /* CustomComponents */,
				15F3162F2C71F9B500F30B72 /* Plan */,
				97D1BEA62C6C954100F7A983 /* DataManager.swift */,
				97D1BEA72C6C954100F7A983 /* SampleChatData.swift */,
			);
			path = Chat;
			sourceTree = "<group>";
		};
		97D1BE582C6C847600F7A983 /* Post */ = {
			isa = PBXGroup;
			children = (
				97D1BEC72C6C9E2D00F7A983 /* ViewModels */,
				97D1BEA32C6C93FA00F7A983 /* Views */,
			);
			path = Post;
			sourceTree = "<group>";
		};
		97D1BE612C6C8B1B00F7A983 /* Recovered References */ = {
			isa = PBXGroup;
			children = (
				1543FB372C6486CF002E4CC8 /* MakePlanViewController.swift */,
				1543FB2A2C636331002E4CC8 /* ChatAdditionalButtonsViewModel.swift */,
				1543FB262C63113C002E4CC8 /* ChatAdditionalButtonsViewController.swift */,
				97934E3A2C62FFA800B38E0A /* ProfileViewController.swift */,
				1543FB3D2C65DDA3002E4CC8 /* PlanDateTimeViewController.swift */,
				1543FB432C69E4BB002E4CC8 /* FinalConfirmPlanViewController.swift */,
				1543FB392C64AE9C002E4CC8 /* PlanProgressBar.swift */,
				1543FB412C69C1DE002E4CC8 /* PlanPlaceViewController.swift */,
				1543FB3F2C660A10002E4CC8 /* MakePlanViewModel.swift */,
				1543FB2C2C6365A1002E4CC8 /* ChatAdditionalButtonModel.swift */,
				1543FB2E2C636966002E4CC8 /* ChatAdditionalButton.swift */,
				97934E382C62FF9200B38E0A /* LoginViewController.swift */,
				582F5D122C68D2F000141938 /* FirestoreManager.swift */,
				58E7821F2C6C2F4B00572554 /* ChatPostViewController.swift */,
				582F5D042C64856F00141938 /* SampleChatData.swift */,
				582F5D0D2C68C3D800141938 /* ChatListViewModel.swift */,
				58E782212C6C36FB00572554 /* PostDetailViewController.swift */,
				58E782232C6C4F5300572554 /* ChatMessageViewController.swift */,
				582F5D182C69ABF800141938 /* DataManager.swift */,
				582F5D162C6900B900141938 /* PostViewModel.swift */,
				582F5D1C2C69EAA700141938 /* ChatViewModel.swift */,
				582F5D1A2C69EA9A00141938 /* ChatViewController.swift */,
				582F5D062C64935500141938 /* ChatTableViewCell.swift */,
				97934E402C62FFDB00B38E0A /* CareFinderMapViewController.swift */,
				3B8348062C748CD300359E85 /* EditCareSeekerViewModel.swift */,
				3B8348092C748CD300359E85 /* MainPostListViewModel.swift */,
				3B8348052C748CD300359E85 /* EditCareProviderViewModel.swift */,
				3B8348072C748CD300359E85 /* AddCareSeekerViewModel.swift */,
				3B8348082C748CD300359E85 /* AddCareProviderViewModel.swift */,
				4FCE70052C76098500279774 /* MainPostListViewController.swift */,
				4FCE700B2C76098500279774 /* PostDetailViewController.swift */,
				4FCE700A2C76098500279774 /* EditCareProviderViewController.swift */,
				4FCE70092C76098500279774 /* AddPostViewController.swift */,
				4FCE70062C76098500279774 /* EditCareSeekerViewController.swift */,
			);
			name = "Recovered References";
			sourceTree = "<group>";
		};
		97D1BE682C6C8B7D00F7A983 /* ViewModels */ = {
			isa = PBXGroup;
			children = (
				97D1BE622C6C8B7D00F7A983 /* AboutMeTableViewModel.swift */,
				97D1BE632C6C8B7D00F7A983 /* AboutMeViewModel.swift */,
				97D1BE642C6C8B7D00F7A983 /* NincknameViewModel.swift */,
				97D1BE652C6C8B7D00F7A983 /* ProfileImageViewModel.swift */,
				97D1BE662C6C8B7D00F7A983 /* ProfileTableViewModel.swift */,
				97D1BE672C6C8B7D00F7A983 /* ProfileViewModel.swift */,
				3B61C6992C71DCAD00337B66 /* SelfIntroductionViewModel.swift */,
				3B6DE1AD2C72D457009DD41A /* CareRecordViewModel.swift */,
				3B8348132C74C0F800359E85 /* LeavePlantListModel.swift */,
				3B7D8F3E2C75689C00008F22 /* WriteReviewViewModel.swift */,
				3B7D8F4A2C75898B00008F22 /* ReceiveReviewViewModel.swift */,
			);
			path = ViewModels;
			sourceTree = "<group>";
		};
		97D1BE712C6C8BB900F7A983 /* CustomComponents */ = {
			isa = PBXGroup;
			children = (
				97D1BE702C6C8BB900F7A983 /* PlanProgressBar.swift */,
			);
			path = CustomComponents;
			sourceTree = "<group>";
		};
		97D1BE742C6C8BB900F7A983 /* ViewModels */ = {
			isa = PBXGroup;
			children = (
				97D1BE932C6C93A100F7A983 /* FirestoreManager.swift */,
				15F221A32C758AA300DF285A /* FirestorageManager.swift */,
				97D1BEB52C6C9DF400F7A983 /* ChatTableViewCell.swift */,
				97D1BE942C6C93A100F7A983 /* ChatViewModel.swift */,
				97D1BE722C6C8BB900F7A983 /* ChatAdditionalButtonsViewModel.swift */,
			);
			path = ViewModels;
			sourceTree = "<group>";
		};
		97D1BE762C6C8BB900F7A983 /* Models */ = {
			isa = PBXGroup;
			children = (
				97D1BE752C6C8BB900F7A983 /* ChatAdditionalButtonModel.swift */,
			);
			path = Models;
			sourceTree = "<group>";
		};
		97D1BE9C2C6C93CD00F7A983 /* View */ = {
			isa = PBXGroup;
			children = (
				3BAD24642C77347A004C2DBA /* WebView */,
				97D1BE992C6C93CD00F7A983 /* AboutMeViewController.swift */,
				97D1BE9A2C6C93CD00F7A983 /* NicknameViewController.swift */,
				97D1BE9B2C6C93CD00F7A983 /* ProfileViewController.swift */,
				3B61C6972C71CB1600337B66 /* SelfIntroductionViewController.swift */,
				3B6DE1AB2C72D24B009DD41A /* CareRecordViewController.swift */,
				3B8348112C74BF6600359E85 /* LeavePlantListViewController.swift */,
				3B7D8F3C2C75686700008F22 /* WriteReviewViewController.swift */,
				3B7D8F482C75890A00008F22 /* ReceiveReviewViewController.swift */,
			);
			path = View;
			sourceTree = "<group>";
		};
		97D1BEA32C6C93FA00F7A983 /* Views */ = {
			isa = PBXGroup;
			children = (
				97BC0DF52C75BCCF00F4D0B4 /* AddPostViewController.swift */,
				97BC0DEF2C75BCCF00F4D0B4 /* EditPostViewController.swift */,
				97BC0DF12C75BCCF00F4D0B4 /* MainPostListViewController.swift */,
				97BC0DF02C75BCCF00F4D0B4 /* PostDetailViewController.swift */,
				4F822E812C79FC9D007402CB /* FullScreenImageViewController.swift */,
				4F822E832C79FE6F007402CB /* FullScreenPageViewController.swift */,
				97BC0DFD2C75D26700F4D0B4 /* PostTableViewCell.swift */,
				97D1BEA22C6C93FA00F7A983 /* PostListViewController.swift */,
				4F822E9C2C7F243A007402CB /* SearchPostViewController.swift */,
				97D1BE502C6C847600F7A983 /* Chat */,
			);
			path = Views;
			sourceTree = "<group>";
		};
		97D1BEBB2C6C9DF400F7A983 /* Views */ = {
			isa = PBXGroup;
			children = (
				97D1BEB22C6C9DF400F7A983 /* ChatListViewController.swift */,
				97D1BEB62C6C9DF400F7A983 /* ChatViewController.swift */,
				97D1BEB42C6C9DF400F7A983 /* ChatPostViewController.swift */,
				97D1BEB32C6C9DF400F7A983 /* ChatMessageViewController.swift */,
				58F68FEA2C72273700A7F564 /* ChatMessageTableViewCell.swift */,
				15F221A52C75CB5F00DF285A /* ChatMessageTableViewImageCell.swift */,
				15F221A72C76BBF700DF285A /* ChatMessageTableViewPlanCell.swift */,
				58F68FE82C7217AB00A7F564 /* MessageInputViewController.swift */,
				97D1BEB12C6C9DF400F7A983 /* ChatAdditionalButtonsViewController.swift */,
				15C820892C775ECB002991DE /* ImageDetailCollectionViewController.swift */,
				15C8208B2C776FA2002991DE /* ImageDetailCollectionViewCell.swift */,
			);
			path = Views;
			sourceTree = "<group>";
		};
		97D1BEC72C6C9E2D00F7A983 /* ViewModels */ = {
			isa = PBXGroup;
			children = (
				97BC0DE32C747A9800F4D0B4 /* AddPostViewModel.swift */,
				97BC0DE42C747A9800F4D0B4 /* EditPostViewModel.swift */,
				97BC0DFF2C76F40600F4D0B4 /* MainPostListViewModel.swift */,
				97BC0DE12C747A9800F4D0B4 /* PostDetailViewModel.swift */,
				4F822E9E2C7F2472007402CB /* SearchPostViewModel.swift */,
			);
			path = ViewModels;
			sourceTree = "<group>";
		};
/* End PBXGroup section */

/* Begin PBXNativeTarget section */
		97934DD02C62F3C600B38E0A /* GreenSitter */ = {
			isa = PBXNativeTarget;
			buildConfigurationList = 97934DE52C62F3C800B38E0A /* Build configuration list for PBXNativeTarget "GreenSitter" */;
			buildPhases = (
				97934DCD2C62F3C600B38E0A /* Sources */,
				97934DCE2C62F3C600B38E0A /* Frameworks */,
				97934DCF2C62F3C600B38E0A /* Resources */,
			);
			buildRules = (
			);
			dependencies = (
			);
			name = GreenSitter;
			packageProductDependencies = (
				58E98C322C781BD7001E4140 /* GoogleSignIn */,
				58E98C342C781BD7001E4140 /* GoogleSignInSwift */,
				58E98C362C781C00001E4140 /* FirebaseAuth */,
				58E98C382C781C00001E4140 /* FirebaseFirestore */,
				58E98C3A2C781C00001E4140 /* FirebaseMessaging */,
				58E98C3C2C781C00001E4140 /* FirebaseStorage */,
				97FF39452C7D9C4300ABBACA /* Kingfisher */,
			);
			productName = GreenSitter;
			productReference = 97934DD12C62F3C600B38E0A /* GreenSitter.app */;
			productType = "com.apple.product-type.application";
		};
/* End PBXNativeTarget section */

/* Begin PBXProject section */
		97934DC92C62F3C600B38E0A /* Project object */ = {
			isa = PBXProject;
			attributes = {
				BuildIndependentTargetsInParallel = 1;
				LastSwiftUpdateCheck = 1540;
				LastUpgradeCheck = 1540;
				TargetAttributes = {
					97934DD02C62F3C600B38E0A = {
						CreatedOnToolsVersion = 15.4;
					};
				};
			};
			buildConfigurationList = 97934DCC2C62F3C600B38E0A /* Build configuration list for PBXProject "GreenSitter" */;
			compatibilityVersion = "Xcode 14.0";
			developmentRegion = en;
			hasScannedForEncodings = 0;
			knownRegions = (
				en,
				Base,
			);
			mainGroup = 97934DC82C62F3C600B38E0A;
			packageReferences = (
				3BEFEC702C63543500E48D1E /* XCRemoteSwiftPackageReference "firebase-ios-sdk" */,
				3BEFEC732C63547D00E48D1E /* XCRemoteSwiftPackageReference "GoogleSignIn-iOS" */,
				97FF39442C7D9C4300ABBACA /* XCRemoteSwiftPackageReference "Kingfisher" */,
			);
			productRefGroup = 97934DD22C62F3C600B38E0A /* Products */;
			projectDirPath = "";
			projectRoot = "";
			targets = (
				97934DD02C62F3C600B38E0A /* GreenSitter */,
			);
		};
/* End PBXProject section */

/* Begin PBXResourcesBuildPhase section */
		97934DCF2C62F3C600B38E0A /* Resources */ = {
			isa = PBXResourcesBuildPhase;
			buildActionMask = 2147483647;
			files = (
				4FE1259C2C8011B500C57C16 /* APPKey.plist in Resources */,
				97934DDE2C62F3C800B38E0A /* Assets.xcassets in Resources */,
				580820592C79BEFF00904201 /* GoogleService-Info.plist in Resources */,
				97934DE12C62F3C800B38E0A /* Base in Resources */,
				4FE1259A2C80116000C57C16 /* APPKey.plist in Resources */,
			);
			runOnlyForDeploymentPostprocessing = 0;
		};
/* End PBXResourcesBuildPhase section */

/* Begin PBXSourcesBuildPhase section */
		97934DCD2C62F3C600B38E0A /* Sources */ = {
			isa = PBXSourcesBuildPhase;
			buildActionMask = 2147483647;
			files = (
				4F822E9F2C7F2472007402CB /* SearchPostViewModel.swift in Sources */,
				97BC0DE82C747A9800F4D0B4 /* AddPostViewModel.swift in Sources */,
				97D1BE472C6C7F8800F7A983 /* LoginViewModel.swift in Sources */,
				97D1BE802C6C8BBA00F7A983 /* MakePlanViewModel.swift in Sources */,
				3B596DFA2C6B461200C71851 /* CustomTableCell.swift in Sources */,
				15F316372C71FB7D00F30B72 /* UILabelExtension.swift in Sources */,
				97D1BEC02C6C9DF400F7A983 /* ChatTableViewCell.swift in Sources */,
				97934E3D2C62FFB600B38E0A /* (null) in Sources */,
				97D1BEBF2C6C9DF400F7A983 /* ChatPostViewController.swift in Sources */,
				97D1BEBE2C6C9DF400F7A983 /* ChatMessageViewController.swift in Sources */,
				97934E3D2C62FFB600B38E0A /* (null) in Sources */,
				97934E662C68614E00B38E0A /* CustomAnnotation.swift in Sources */,
				97934E4F2C633FA700B38E0A /* (null) in Sources */,
				97934E2D2C62FE1900B38E0A /* PlaceListViewController.swift in Sources */,
				97D1BEAF2C6C9DB100F7A983 /* BundleExtension.swift in Sources */,
				3BAD24662C773DD0004C2DBA /* LocationServiceViewController.swift in Sources */,
				97934E2B2C62FE0F00B38E0A /* SearchMapViewController.swift in Sources */,
				97D1BE7E2C6C8BBA00F7A983 /* PlanProgressBar.swift in Sources */,
				97D1BE962C6C93A100F7A983 /* FirestoreManager.swift in Sources */,
				3B7D8F3D2C75686700008F22 /* WriteReviewViewController.swift in Sources */,
				97B4E8932C6AE6AA0028BE1F /* KakaoAPIService.swift in Sources */,
				97D1BEC42C6C9DF400F7A983 /* PlanDateTimeViewController.swift in Sources */,
				97934E152C62F8DF00B38E0A /* SearchMapViewModel.swift in Sources */,
				97934E432C63003C00B38E0A /* Colors.swift in Sources */,
				3B61C69A2C71DCAD00337B66 /* SelfIntroductionViewModel.swift in Sources */,
				15C8208A2C775ECB002991DE /* ImageDetailCollectionViewController.swift in Sources */,
				97D1BE812C6C8BBA00F7A983 /* ChatAdditionalButtonModel.swift in Sources */,
				3B6DE1AE2C72D457009DD41A /* CareRecordViewModel.swift in Sources */,
				4F822E9D2C7F243A007402CB /* SearchPostViewController.swift in Sources */,
				97D1BE6E2C6C8B7D00F7A983 /* ProfileViewModel.swift in Sources */,
				97934DFD2C62F88600B38E0A /* Review.swift in Sources */,
				3B6DE1AC2C72D24B009DD41A /* CareRecordViewController.swift in Sources */,
				3B8348142C74C0F800359E85 /* LeavePlantListModel.swift in Sources */,
				3B7D8F4D2C7589A200008F22 /* ReceiveReviewTableViewCell.swift in Sources */,
				3B6D2C5E2C69A50F0076B1DA /* ProfileTableViewCell.swift in Sources */,
				4F822E822C79FC9D007402CB /* FullScreenImageViewController.swift in Sources */,
				156A3B592C749E3900F22B74 /* PlanPlaceDetailViewController.swift in Sources */,
				3B7D8F4B2C75898B00008F22 /* ReceiveReviewViewModel.swift in Sources */,
				58F68FE92C7217AB00A7F564 /* MessageInputViewController.swift in Sources */,
				97D1BEC22C6C9DF400F7A983 /* FinalConfirmPlanViewController.swift in Sources */,
				3B61C6982C71CB1600337B66 /* SelfIntroductionViewController.swift in Sources */,
				97934DFB2C62F87D00B38E0A /* User.swift in Sources */,
				97D1BEBD2C6C9DF400F7A983 /* ChatListViewController.swift in Sources */,
				4F822E842C79FE6F007402CB /* FullScreenPageViewController.swift in Sources */,
				97D1BEA82C6C954100F7A983 /* DataManager.swift in Sources */,
				97D1BE6C2C6C8B7D00F7A983 /* ProfileImageViewModel.swift in Sources */,
				97BC0DE92C747A9800F4D0B4 /* EditPostViewModel.swift in Sources */,
				97D1BE6D2C6C8B7D00F7A983 /* ProfileTableViewModel.swift in Sources */,
				97934E3F2C62FFC500B38E0A /* (null) in Sources */,
				97934E232C62FAC800B38E0A /* Plan.swift in Sources */,
				97D1BE7D2C6C8BBA00F7A983 /* ChatAdditionalButton.swift in Sources */,
				15F221A82C76BBF700DF285A /* ChatMessageTableViewPlanCell.swift in Sources */,
				97D1BEC32C6C9DF400F7A983 /* MakePlanViewController.swift in Sources */,
				97BC0DF82C75BCCF00F4D0B4 /* MainPostListViewController.swift in Sources */,
				97D1BE692C6C8B7D00F7A983 /* AboutMeTableViewModel.swift in Sources */,
				97934DD92C62F3C600B38E0A /* ViewController.swift in Sources */,
				97D1BE6A2C6C8B7D00F7A983 /* AboutMeViewModel.swift in Sources */,
				97D1BE9F2C6C93CD00F7A983 /* ProfileViewController.swift in Sources */,
				97D1BE7F2C6C8BBA00F7A983 /* ChatAdditionalButtonsViewModel.swift in Sources */,
				97D1BE6B2C6C8B7D00F7A983 /* NincknameViewModel.swift in Sources */,
				97BC0DF62C75BCCF00F4D0B4 /* EditPostViewController.swift in Sources */,
				3B57780B2C733533000643C9 /* ReviewSendTableViewCell.swift in Sources */,
				97934E172C62F8E300B38E0A /* PlaceListViewModel.swift in Sources */,
				97B4E8952C6AF0FB0028BE1F /* MapViewModel.swift in Sources */,
				97934E252C62FACE00B38E0A /* Contract.swift in Sources */,
				97D1BE972C6C93A100F7A983 /* ChatViewModel.swift in Sources */,
				97D1BE432C6C7F0500F7A983 /* SetLocationViewController.swift in Sources */,
				97D1BEBC2C6C9DF400F7A983 /* ChatAdditionalButtonsViewController.swift in Sources */,
				97BC0DFE2C75D26700F4D0B4 /* PostTableViewCell.swift in Sources */,
				97D1BEA52C6C93FA00F7A983 /* PostListViewController.swift in Sources */,
				3B57780D2C73356E000643C9 /* ReviewPostTableViewCell.swift in Sources */,
				97D1BE9D2C6C93CD00F7A983 /* AboutMeViewController.swift in Sources */,
				97934E2F2C62FE2500B38E0A /* ReviewListViewController.swift in Sources */,
				3BAD24682C773E2A004C2DBA /* PersonalinfomationViewController.swift in Sources */,
				97934DFF2C62F88B00B38E0A /* Post.swift in Sources */,
				97934E5A2C65EDBD00B38E0A /* MapViewController.swift in Sources */,
				97BC0DFC2C75BCCF00F4D0B4 /* AddPostViewController.swift in Sources */,
				974FF2522C6C5BA5009277B9 /* SearchMapDetailViewController.swift in Sources */,
				3B7D8F492C75890A00008F22 /* ReceiveReviewViewController.swift in Sources */,
				97934E212C62FAC300B38E0A /* Location.swift in Sources */,
				97934E332C62FE3400B38E0A /* ReviewViewController.swift in Sources */,
				977A52B32C69A84500E375F1 /* AnnotationDetailViewController.swift in Sources */,
				97934E052C62F89F00B38E0A /* LevelPoint.swift in Sources */,
				97BC0DE62C747A9800F4D0B4 /* PostDetailViewModel.swift in Sources */,
				97BC0DE62C747A9800F4D0B4 /* PostDetailViewModel.swift in Sources */,
				3BAD24632C77340E004C2DBA /* ServiceViewController.swift in Sources */,
				97934E012C62F89200B38E0A /* ChatRoom.swift in Sources */,
				15F221A42C758AA300DF285A /* FirestorageManager.swift in Sources */,
				97D1BEA92C6C954100F7A983 /* SampleChatData.swift in Sources */,
				97BC0E002C76F40600F4D0B4 /* MainPostListViewModel.swift in Sources */,
				3B7D8F3F2C75689C00008F22 /* WriteReviewViewModel.swift in Sources */,
				97D1BE422C6C7F0500F7A983 /* SetProfileViewController.swift in Sources */,
				97D1BEC52C6C9DF400F7A983 /* PlanPlaceViewController.swift in Sources */,
				3B6DE1B02C72D483009DD41A /* CareRecordTableViewCell.swift in Sources */,
				15F221A62C75CB5F00DF285A /* ChatMessageTableViewImageCell.swift in Sources */,
				3B596DFF2C6B462B00C71851 /* InformationTableCell.swift in Sources */,
				97934E032C62F89700B38E0A /* Message.swift in Sources */,
				97934E1D2C62F8F000B38E0A /* ReviewViewModel.swift in Sources */,
				97D1BE412C6C7F0500F7A983 /* LoginViewController.swift in Sources */,
				58F68FEB2C72273700A7F564 /* ChatMessageTableViewCell.swift in Sources */,
				97D1BE9E2C6C93CD00F7A983 /* NicknameViewController.swift in Sources */,
				97934DD52C62F3C600B38E0A /* AppDelegate.swift in Sources */,
				15C8208C2C776FA2002991DE /* ImageDetailCollectionViewCell.swift in Sources */,
				97D1BEC12C6C9DF400F7A983 /* ChatViewController.swift in Sources */,
				15F316352C71FB6C00F30B72 /* ColorExtension.swift in Sources */,
				3B8348122C74BF6600359E85 /* LeavePlantListViewController.swift in Sources */,
				97934DD72C62F3C600B38E0A /* SceneDelegate.swift in Sources */,
				97BC0DF72C75BCCF00F4D0B4 /* PostDetailViewController.swift in Sources */,
				3B596DF82C6B460A00C71851 /* IntroductionTableCell.swift in Sources */,
				97934E192C62F8E700B38E0A /* ReviewListViewModel.swift in Sources */,
			);
			runOnlyForDeploymentPostprocessing = 0;
		};
/* End PBXSourcesBuildPhase section */

/* Begin PBXVariantGroup section */
		97934DDF2C62F3C800B38E0A /* LaunchScreen.storyboard */ = {
			isa = PBXVariantGroup;
			children = (
				97934DE02C62F3C800B38E0A /* Base */,
			);
			name = LaunchScreen.storyboard;
			sourceTree = "<group>";
		};
/* End PBXVariantGroup section */

/* Begin XCBuildConfiguration section */
		97934DE32C62F3C800B38E0A /* Debug */ = {
			isa = XCBuildConfiguration;
			buildSettings = {
				ALWAYS_SEARCH_USER_PATHS = NO;
				ASSETCATALOG_COMPILER_GENERATE_SWIFT_ASSET_SYMBOL_EXTENSIONS = YES;
				CLANG_ANALYZER_NONNULL = YES;
				CLANG_ANALYZER_NUMBER_OBJECT_CONVERSION = YES_AGGRESSIVE;
				CLANG_CXX_LANGUAGE_STANDARD = "gnu++20";
				CLANG_ENABLE_MODULES = YES;
				CLANG_ENABLE_OBJC_ARC = YES;
				CLANG_ENABLE_OBJC_WEAK = YES;
				CLANG_WARN_BLOCK_CAPTURE_AUTORELEASING = YES;
				CLANG_WARN_BOOL_CONVERSION = YES;
				CLANG_WARN_COMMA = YES;
				CLANG_WARN_CONSTANT_CONVERSION = YES;
				CLANG_WARN_DEPRECATED_OBJC_IMPLEMENTATIONS = YES;
				CLANG_WARN_DIRECT_OBJC_ISA_USAGE = YES_ERROR;
				CLANG_WARN_DOCUMENTATION_COMMENTS = YES;
				CLANG_WARN_EMPTY_BODY = YES;
				CLANG_WARN_ENUM_CONVERSION = YES;
				CLANG_WARN_INFINITE_RECURSION = YES;
				CLANG_WARN_INT_CONVERSION = YES;
				CLANG_WARN_NON_LITERAL_NULL_CONVERSION = YES;
				CLANG_WARN_OBJC_IMPLICIT_RETAIN_SELF = YES;
				CLANG_WARN_OBJC_LITERAL_CONVERSION = YES;
				CLANG_WARN_OBJC_ROOT_CLASS = YES_ERROR;
				CLANG_WARN_QUOTED_INCLUDE_IN_FRAMEWORK_HEADER = YES;
				CLANG_WARN_RANGE_LOOP_ANALYSIS = YES;
				CLANG_WARN_STRICT_PROTOTYPES = YES;
				CLANG_WARN_SUSPICIOUS_MOVE = YES;
				CLANG_WARN_UNGUARDED_AVAILABILITY = YES_AGGRESSIVE;
				CLANG_WARN_UNREACHABLE_CODE = YES;
				CLANG_WARN__DUPLICATE_METHOD_MATCH = YES;
				COPY_PHASE_STRIP = NO;
				DEBUG_INFORMATION_FORMAT = dwarf;
				ENABLE_STRICT_OBJC_MSGSEND = YES;
				ENABLE_TESTABILITY = YES;
				ENABLE_USER_SCRIPT_SANDBOXING = YES;
				GCC_C_LANGUAGE_STANDARD = gnu17;
				GCC_DYNAMIC_NO_PIC = NO;
				GCC_NO_COMMON_BLOCKS = YES;
				GCC_OPTIMIZATION_LEVEL = 0;
				GCC_PREPROCESSOR_DEFINITIONS = (
					"DEBUG=1",
					"$(inherited)",
				);
				GCC_WARN_64_TO_32_BIT_CONVERSION = YES;
				GCC_WARN_ABOUT_RETURN_TYPE = YES_ERROR;
				GCC_WARN_UNDECLARED_SELECTOR = YES;
				GCC_WARN_UNINITIALIZED_AUTOS = YES_AGGRESSIVE;
				GCC_WARN_UNUSED_FUNCTION = YES;
				GCC_WARN_UNUSED_VARIABLE = YES;
				IPHONEOS_DEPLOYMENT_TARGET = 17.0;
				LOCALIZATION_PREFERS_STRING_CATALOGS = YES;
				MTL_ENABLE_DEBUG_INFO = INCLUDE_SOURCE;
				MTL_FAST_MATH = YES;
				ONLY_ACTIVE_ARCH = YES;
				SDKROOT = iphoneos;
				SWIFT_ACTIVE_COMPILATION_CONDITIONS = "DEBUG $(inherited)";
				SWIFT_OPTIMIZATION_LEVEL = "-Onone";
			};
			name = Debug;
		};
		97934DE42C62F3C800B38E0A /* Release */ = {
			isa = XCBuildConfiguration;
			buildSettings = {
				ALWAYS_SEARCH_USER_PATHS = NO;
				ASSETCATALOG_COMPILER_GENERATE_SWIFT_ASSET_SYMBOL_EXTENSIONS = YES;
				CLANG_ANALYZER_NONNULL = YES;
				CLANG_ANALYZER_NUMBER_OBJECT_CONVERSION = YES_AGGRESSIVE;
				CLANG_CXX_LANGUAGE_STANDARD = "gnu++20";
				CLANG_ENABLE_MODULES = YES;
				CLANG_ENABLE_OBJC_ARC = YES;
				CLANG_ENABLE_OBJC_WEAK = YES;
				CLANG_WARN_BLOCK_CAPTURE_AUTORELEASING = YES;
				CLANG_WARN_BOOL_CONVERSION = YES;
				CLANG_WARN_COMMA = YES;
				CLANG_WARN_CONSTANT_CONVERSION = YES;
				CLANG_WARN_DEPRECATED_OBJC_IMPLEMENTATIONS = YES;
				CLANG_WARN_DIRECT_OBJC_ISA_USAGE = YES_ERROR;
				CLANG_WARN_DOCUMENTATION_COMMENTS = YES;
				CLANG_WARN_EMPTY_BODY = YES;
				CLANG_WARN_ENUM_CONVERSION = YES;
				CLANG_WARN_INFINITE_RECURSION = YES;
				CLANG_WARN_INT_CONVERSION = YES;
				CLANG_WARN_NON_LITERAL_NULL_CONVERSION = YES;
				CLANG_WARN_OBJC_IMPLICIT_RETAIN_SELF = YES;
				CLANG_WARN_OBJC_LITERAL_CONVERSION = YES;
				CLANG_WARN_OBJC_ROOT_CLASS = YES_ERROR;
				CLANG_WARN_QUOTED_INCLUDE_IN_FRAMEWORK_HEADER = YES;
				CLANG_WARN_RANGE_LOOP_ANALYSIS = YES;
				CLANG_WARN_STRICT_PROTOTYPES = YES;
				CLANG_WARN_SUSPICIOUS_MOVE = YES;
				CLANG_WARN_UNGUARDED_AVAILABILITY = YES_AGGRESSIVE;
				CLANG_WARN_UNREACHABLE_CODE = YES;
				CLANG_WARN__DUPLICATE_METHOD_MATCH = YES;
				COPY_PHASE_STRIP = NO;
				DEBUG_INFORMATION_FORMAT = "dwarf-with-dsym";
				ENABLE_NS_ASSERTIONS = NO;
				ENABLE_STRICT_OBJC_MSGSEND = YES;
				ENABLE_USER_SCRIPT_SANDBOXING = YES;
				GCC_C_LANGUAGE_STANDARD = gnu17;
				GCC_NO_COMMON_BLOCKS = YES;
				GCC_WARN_64_TO_32_BIT_CONVERSION = YES;
				GCC_WARN_ABOUT_RETURN_TYPE = YES_ERROR;
				GCC_WARN_UNDECLARED_SELECTOR = YES;
				GCC_WARN_UNINITIALIZED_AUTOS = YES_AGGRESSIVE;
				GCC_WARN_UNUSED_FUNCTION = YES;
				GCC_WARN_UNUSED_VARIABLE = YES;
				IPHONEOS_DEPLOYMENT_TARGET = 17.0;
				LOCALIZATION_PREFERS_STRING_CATALOGS = YES;
				MTL_ENABLE_DEBUG_INFO = NO;
				MTL_FAST_MATH = YES;
				SDKROOT = iphoneos;
				SWIFT_COMPILATION_MODE = wholemodule;
				VALIDATE_PRODUCT = YES;
			};
			name = Release;
		};
		97934DE62C62F3C800B38E0A /* Debug */ = {
			isa = XCBuildConfiguration;
			buildSettings = {
				ASSETCATALOG_COMPILER_APPICON_NAME = AppIcon;
				ASSETCATALOG_COMPILER_GLOBAL_ACCENT_COLOR_NAME = AccentColor;
				CODE_SIGN_ENTITLEMENTS = GreenSitter/GreenSitter.entitlements;
				"CODE_SIGN_IDENTITY[sdk=iphoneos*]" = "iPhone Developer";
				CODE_SIGN_STYLE = Manual;
				CURRENT_PROJECT_VERSION = 1;
				DEVELOPMENT_TEAM = "";
				"DEVELOPMENT_TEAM[sdk=iphoneos*]" = 285ZKW5MPR;
				GENERATE_INFOPLIST_FILE = YES;
				INFOPLIST_FILE = GreenSitter/Info.plist;
				INFOPLIST_KEY_CFBundleDisplayName = "새싹돌봄이";
				INFOPLIST_KEY_LSApplicationCategoryType = "public.app-category.social-networking";
				INFOPLIST_KEY_NSCameraUsageDescription = "카메라 사용 권한이 필요합니다.";
				INFOPLIST_KEY_NSLocationAlwaysAndWhenInUseUsageDescription = "사용자의 현재 위치를 기반으로 새싹 돌봄이 매칭 시스템을 제공하기 위해 필요한 권한입니다.";
				INFOPLIST_KEY_NSLocationWhenInUseUsageDescription = "사용자의 현재 위치를 기반으로 새싹 돌봄이 매칭 시스템을 제공하기 위해 필요한 권한입니다.";
				INFOPLIST_KEY_NSPhotoLibraryUsageDescription = "사진접근을 허용하시겠습니까?";
				INFOPLIST_KEY_UIApplicationSupportsIndirectInputEvents = YES;
				INFOPLIST_KEY_UILaunchStoryboardName = LaunchScreen;
				INFOPLIST_KEY_UISupportedInterfaceOrientations = UIInterfaceOrientationPortrait;
				INFOPLIST_KEY_UIUserInterfaceStyle = Automatic;
				IPHONEOS_DEPLOYMENT_TARGET = 17.0;
				LD_RUNPATH_SEARCH_PATHS = (
					"$(inherited)",
					"@executable_path/Frameworks",
				);
				MARKETING_VERSION = 1.0;
				PRODUCT_BUNDLE_IDENTIFIER = com.guards.GreenSitter;
				PRODUCT_NAME = "$(TARGET_NAME)";
				PROVISIONING_PROFILE_SPECIFIER = "";
				"PROVISIONING_PROFILE_SPECIFIER[sdk=iphoneos*]" = greenSitter_dev;
				SWIFT_EMIT_LOC_STRINGS = YES;
				SWIFT_VERSION = 5.0;
				TARGETED_DEVICE_FAMILY = "1,2";
			};
			name = Debug;
		};
		97934DE72C62F3C800B38E0A /* Release */ = {
			isa = XCBuildConfiguration;
			buildSettings = {
				ASSETCATALOG_COMPILER_APPICON_NAME = AppIcon;
				ASSETCATALOG_COMPILER_GLOBAL_ACCENT_COLOR_NAME = AccentColor;
				CODE_SIGN_ENTITLEMENTS = GreenSitter/GreenSitter.entitlements;
				"CODE_SIGN_IDENTITY[sdk=iphoneos*]" = "iPhone Distribution";
				CODE_SIGN_STYLE = Manual;
				CURRENT_PROJECT_VERSION = 1;
				DEVELOPMENT_TEAM = "";
				"DEVELOPMENT_TEAM[sdk=iphoneos*]" = 285ZKW5MPR;
				GENERATE_INFOPLIST_FILE = YES;
				INFOPLIST_FILE = GreenSitter/Info.plist;
				INFOPLIST_KEY_CFBundleDisplayName = "새싹돌봄이";
				INFOPLIST_KEY_LSApplicationCategoryType = "public.app-category.social-networking";
				INFOPLIST_KEY_NSCameraUsageDescription = "카메라 사용 권한이 필요합니다.";
				INFOPLIST_KEY_NSLocationAlwaysAndWhenInUseUsageDescription = "사용자의 현재 위치를 기반으로 새싹 돌봄이 매칭 시스템을 제공하기 위해 필요한 권한입니다.";
				INFOPLIST_KEY_NSLocationWhenInUseUsageDescription = "사용자의 현재 위치를 기반으로 새싹 돌봄이 매칭 시스템을 제공하기 위해 필요한 권한입니다.";
				INFOPLIST_KEY_NSPhotoLibraryUsageDescription = "사진접근을 허용하시겠습니까?";
				INFOPLIST_KEY_UIApplicationSupportsIndirectInputEvents = YES;
				INFOPLIST_KEY_UILaunchStoryboardName = LaunchScreen;
				INFOPLIST_KEY_UISupportedInterfaceOrientations = UIInterfaceOrientationPortrait;
				INFOPLIST_KEY_UIUserInterfaceStyle = Automatic;
				IPHONEOS_DEPLOYMENT_TARGET = 17.0;
				LD_RUNPATH_SEARCH_PATHS = (
					"$(inherited)",
					"@executable_path/Frameworks",
				);
				MARKETING_VERSION = 1.0;
				PRODUCT_BUNDLE_IDENTIFIER = com.guards.GreenSitter;
				PRODUCT_NAME = "$(TARGET_NAME)";
				PROVISIONING_PROFILE_SPECIFIER = "";
				"PROVISIONING_PROFILE_SPECIFIER[sdk=iphoneos*]" = greenSitter_adhoc;
				SWIFT_EMIT_LOC_STRINGS = YES;
				SWIFT_VERSION = 5.0;
				TARGETED_DEVICE_FAMILY = "1,2";
			};
			name = Release;
		};
/* End XCBuildConfiguration section */

/* Begin XCConfigurationList section */
		97934DCC2C62F3C600B38E0A /* Build configuration list for PBXProject "GreenSitter" */ = {
			isa = XCConfigurationList;
			buildConfigurations = (
				97934DE32C62F3C800B38E0A /* Debug */,
				97934DE42C62F3C800B38E0A /* Release */,
			);
			defaultConfigurationIsVisible = 0;
			defaultConfigurationName = Release;
		};
		97934DE52C62F3C800B38E0A /* Build configuration list for PBXNativeTarget "GreenSitter" */ = {
			isa = XCConfigurationList;
			buildConfigurations = (
				97934DE62C62F3C800B38E0A /* Debug */,
				97934DE72C62F3C800B38E0A /* Release */,
			);
			defaultConfigurationIsVisible = 0;
			defaultConfigurationName = Release;
		};
/* End XCConfigurationList section */

/* Begin XCRemoteSwiftPackageReference section */
		3BEFEC702C63543500E48D1E /* XCRemoteSwiftPackageReference "firebase-ios-sdk" */ = {
			isa = XCRemoteSwiftPackageReference;
			repositoryURL = "https://github.com/firebase/firebase-ios-sdk.git";
			requirement = {
				kind = upToNextMajorVersion;
				minimumVersion = 11.0.0;
			};
		};
		3BEFEC732C63547D00E48D1E /* XCRemoteSwiftPackageReference "GoogleSignIn-iOS" */ = {
			isa = XCRemoteSwiftPackageReference;
			repositoryURL = "https://github.com/google/GoogleSignIn-iOS";
			requirement = {
				kind = upToNextMajorVersion;
				minimumVersion = 7.1.0;
			};
		};
		97FF39442C7D9C4300ABBACA /* XCRemoteSwiftPackageReference "Kingfisher" */ = {
			isa = XCRemoteSwiftPackageReference;
			repositoryURL = "https://github.com/onevcat/Kingfisher.git";
			requirement = {
				kind = upToNextMajorVersion;
				minimumVersion = 7.12.0;
			};
		};
/* End XCRemoteSwiftPackageReference section */

/* Begin XCSwiftPackageProductDependency section */
		58E98C322C781BD7001E4140 /* GoogleSignIn */ = {
			isa = XCSwiftPackageProductDependency;
			package = 3BEFEC732C63547D00E48D1E /* XCRemoteSwiftPackageReference "GoogleSignIn-iOS" */;
			productName = GoogleSignIn;
		};
		58E98C342C781BD7001E4140 /* GoogleSignInSwift */ = {
			isa = XCSwiftPackageProductDependency;
			package = 3BEFEC732C63547D00E48D1E /* XCRemoteSwiftPackageReference "GoogleSignIn-iOS" */;
			productName = GoogleSignInSwift;
		};
		58E98C362C781C00001E4140 /* FirebaseAuth */ = {
			isa = XCSwiftPackageProductDependency;
			package = 3BEFEC702C63543500E48D1E /* XCRemoteSwiftPackageReference "firebase-ios-sdk" */;
			productName = FirebaseAuth;
		};
		58E98C382C781C00001E4140 /* FirebaseFirestore */ = {
			isa = XCSwiftPackageProductDependency;
			package = 3BEFEC702C63543500E48D1E /* XCRemoteSwiftPackageReference "firebase-ios-sdk" */;
			productName = FirebaseFirestore;
		};
		58E98C3A2C781C00001E4140 /* FirebaseMessaging */ = {
			isa = XCSwiftPackageProductDependency;
			package = 3BEFEC702C63543500E48D1E /* XCRemoteSwiftPackageReference "firebase-ios-sdk" */;
			productName = FirebaseMessaging;
		};
		58E98C3C2C781C00001E4140 /* FirebaseStorage */ = {
			isa = XCSwiftPackageProductDependency;
			package = 3BEFEC702C63543500E48D1E /* XCRemoteSwiftPackageReference "firebase-ios-sdk" */;
			productName = FirebaseStorage;
		};
		97FF39452C7D9C4300ABBACA /* Kingfisher */ = {
			isa = XCSwiftPackageProductDependency;
			package = 97FF39442C7D9C4300ABBACA /* XCRemoteSwiftPackageReference "Kingfisher" */;
			productName = Kingfisher;
		};
/* End XCSwiftPackageProductDependency section */
	};
	rootObject = 97934DC92C62F3C600B38E0A /* Project object */;
}
