{
  "originHash" : "eee309cfef0f37f3c13335b64049f3cef6bdacc7310fc789e5412ae8228c0a63",
  "pins" : [
    {
      "identity" : "kakaomapssdk-spm",
      "kind" : "remoteSourceControl",
      "location" : "https://github.com/kakao-mapsSDK/KakaoMapsSDK-SPM.git",
      "state" : {
        "revision" : "eb68e7b2ada27deb652acf07b985d111b5c16895",
        "version" : "2.10.5"
      }
    }
  ],
  "version" : 3
}
